PODS:
  - FSCalendar (2.8.1)
  - IceCream (1.13.0):
    - RealmSwift
  - Realm (4.3.1):
    - Realm/Headers (= 4.3.1)
  - Realm/Headers (4.3.1)
  - RealmSwift (4.3.1):
    - Realm (= 4.3.1)

DEPENDENCIES:
  - FSCalendar
  - IceCream
  - RealmSwift

SPEC REPOS:
  trunk:
    - FSCalendar
    - IceCream
    - Realm
    - RealmSwift

SPEC CHECKSUMS:
  FSCalendar: 5245140456fcbcac5824c203b98bd8068bdfee1a
  IceCream: 48d6eda3b989c410583a8469e009f24ae9740d81
  Realm: 31dc40934081ef740f60feedc46d88473cbfeb40
  RealmSwift: b5199e9a41f67b99f51acf6874a6166f5fbe93d1

PODFILE CHECKSUM: 83a72013650f5d0354ccdf25f77d286c38a2b243

COCOAPODS: 1.8.4
