// !$*UTF8*$!
{
	archiveVersion = 1;
	classes = {
	};
	objectVersion = 50;
	objects = {

/* Begin PBXBuildFile section */
		D4C733F723C0E39400A746B5 /* AppDelegate.swift in Sources */ = {isa = PBXBuildFile; fileRef = D4C733F623C0E39400A746B5 /* AppDelegate.swift */; };
		D4C733F923C0E39400A746B5 /* SceneDelegate.swift in Sources */ = {isa = PBXBuildFile; fileRef = D4C733F823C0E39400A746B5 /* SceneDelegate.swift */; };
		D4C733FB23C0E39400A746B5 /* ViewController.swift in Sources */ = {isa = PBXBuildFile; fileRef = D4C733FA23C0E39400A746B5 /* ViewController.swift */; };
		D4C733FE23C0E39400A746B5 /* Main.storyboard in Resources */ = {isa = PBXBuildFile; fileRef = D4C733FC23C0E39400A746B5 /* Main.storyboard */; };
		D4C7340123C0E39400A746B5 /* MyTime.xcdatamodeld in Sources */ = {isa = PBXBuildFile; fileRef = D4C733FF23C0E39400A746B5 /* MyTime.xcdatamodeld */; };
		D4C7340323C0E39800A746B5 /* Assets.xcassets in Resources */ = {isa = PBXBuildFile; fileRef = D4C7340223C0E39800A746B5 /* Assets.xcassets */; };
		D4C7340623C0E39800A746B5 /* LaunchScreen.storyboard in Resources */ = {isa = PBXBuildFile; fileRef = D4C7340423C0E39800A746B5 /* LaunchScreen.storyboard */; };
		D4C7341123C0E39800A746B5 /* MyTimeTests.swift in Sources */ = {isa = PBXBuildFile; fileRef = D4C7341023C0E39800A746B5 /* MyTimeTests.swift */; };
		D4C7341C23C0E39800A746B5 /* MyTimeUITests.swift in Sources */ = {isa = PBXBuildFile; fileRef = D4C7341B23C0E39800A746B5 /* MyTimeUITests.swift */; };
		D4C7342B23C0E4AD00A746B5 /* Timer.swift in Sources */ = {isa = PBXBuildFile; fileRef = D4C7342A23C0E4AD00A746B5 /* Timer.swift */; };
		D4C7342D23C0F20100A746B5 /* TimerInterval.swift in Sources */ = {isa = PBXBuildFile; fileRef = D4C7342C23C0F20100A746B5 /* TimerInterval.swift */; };
		D4C7343123C0FD0F00A746B5 /* CloudKit.framework in Frameworks */ = {isa = PBXBuildFile; fileRef = D4C7343023C0FD0F00A746B5 /* CloudKit.framework */; };
		D4C7343B23C3A96E00A746B5 /* TimerInterval+CoreDataClass.swift in Sources */ = {isa = PBXBuildFile; fileRef = D4C7343723C3A96E00A746B5 /* TimerInterval+CoreDataClass.swift */; };
		D4C7343C23C3A96E00A746B5 /* TimerInterval+CoreDataProperties.swift in Sources */ = {isa = PBXBuildFile; fileRef = D4C7343823C3A96E00A746B5 /* TimerInterval+CoreDataProperties.swift */; };
		D4C7343D23C3A96E00A746B5 /* Timer+CoreDataClass.swift in Sources */ = {isa = PBXBuildFile; fileRef = D4C7343923C3A96E00A746B5 /* Timer+CoreDataClass.swift */; };
		D4C7343E23C3A96E00A746B5 /* Timer+CoreDataProperties.swift in Sources */ = {isa = PBXBuildFile; fileRef = D4C7343A23C3A96E00A746B5 /* Timer+CoreDataProperties.swift */; };
/* End PBXBuildFile section */

/* Begin PBXContainerItemProxy section */
		D4C7340D23C0E39800A746B5 /* PBXContainerItemProxy */ = {
			isa = PBXContainerItemProxy;
			containerPortal = D4C733EB23C0E39400A746B5 /* Project object */;
			proxyType = 1;
			remoteGlobalIDString = D4C733F223C0E39400A746B5;
			remoteInfo = MyTime;
		};
		D4C7341823C0E39800A746B5 /* PBXContainerItemProxy */ = {
			isa = PBXContainerItemProxy;
			containerPortal = D4C733EB23C0E39400A746B5 /* Project object */;
			proxyType = 1;
			remoteGlobalIDString = D4C733F223C0E39400A746B5;
			remoteInfo = MyTime;
		};
/* End PBXContainerItemProxy section */

/* Begin PBXFileReference section */
		D4C733F323C0E39400A746B5 /* MyTime.app */ = {isa = PBXFileReference; explicitFileType = wrapper.application; includeInIndex = 0; path = MyTime.app; sourceTree = BUILT_PRODUCTS_DIR; };
		D4C733F623C0E39400A746B5 /* AppDelegate.swift */ = {isa = PBXFileReference; lastKnownFileType = sourcecode.swift; path = AppDelegate.swift; sourceTree = "<group>"; };
		D4C733F823C0E39400A746B5 /* SceneDelegate.swift */ = {isa = PBXFileReference; lastKnownFileType = sourcecode.swift; path = SceneDelegate.swift; sourceTree = "<group>"; };
		D4C733FA23C0E39400A746B5 /* ViewController.swift */ = {isa = PBXFileReference; lastKnownFileType = sourcecode.swift; path = ViewController.swift; sourceTree = "<group>"; };
		D4C733FD23C0E39400A746B5 /* Base */ = {isa = PBXFileReference; lastKnownFileType = file.storyboard; name = Base; path = Base.lproj/Main.storyboard; sourceTree = "<group>"; };
		D4C7340023C0E39400A746B5 /* MyTime.xcdatamodel */ = {isa = PBXFileReference; lastKnownFileType = wrapper.xcdatamodel; path = MyTime.xcdatamodel; sourceTree = "<group>"; };
		D4C7340223C0E39800A746B5 /* Assets.xcassets */ = {isa = PBXFileReference; lastKnownFileType = folder.assetcatalog; path = Assets.xcassets; sourceTree = "<group>"; };
		D4C7340523C0E39800A746B5 /* Base */ = {isa = PBXFileReference; lastKnownFileType = file.storyboard; name = Base; path = Base.lproj/LaunchScreen.storyboard; sourceTree = "<group>"; };
		D4C7340723C0E39800A746B5 /* Info.plist */ = {isa = PBXFileReference; lastKnownFileType = text.plist.xml; path = Info.plist; sourceTree = "<group>"; };
		D4C7340C23C0E39800A746B5 /* MyTimeTests.xctest */ = {isa = PBXFileReference; explicitFileType = wrapper.cfbundle; includeInIndex = 0; path = MyTimeTests.xctest; sourceTree = BUILT_PRODUCTS_DIR; };
		D4C7341023C0E39800A746B5 /* MyTimeTests.swift */ = {isa = PBXFileReference; lastKnownFileType = sourcecode.swift; path = MyTimeTests.swift; sourceTree = "<group>"; };
		D4C7341223C0E39800A746B5 /* Info.plist */ = {isa = PBXFileReference; lastKnownFileType = text.plist.xml; path = Info.plist; sourceTree = "<group>"; };
		D4C7341723C0E39800A746B5 /* MyTimeUITests.xctest */ = {isa = PBXFileReference; explicitFileType = wrapper.cfbundle; includeInIndex = 0; path = MyTimeUITests.xctest; sourceTree = BUILT_PRODUCTS_DIR; };
		D4C7341B23C0E39800A746B5 /* MyTimeUITests.swift */ = {isa = PBXFileReference; lastKnownFileType = sourcecode.swift; path = MyTimeUITests.swift; sourceTree = "<group>"; };
		D4C7341D23C0E39800A746B5 /* Info.plist */ = {isa = PBXFileReference; lastKnownFileType = text.plist.xml; path = Info.plist; sourceTree = "<group>"; };
		D4C7342A23C0E4AD00A746B5 /* Timer.swift */ = {isa = PBXFileReference; lastKnownFileType = sourcecode.swift; path = Timer.swift; sourceTree = "<group>"; };
		D4C7342C23C0F20100A746B5 /* TimerInterval.swift */ = {isa = PBXFileReference; lastKnownFileType = sourcecode.swift; path = TimerInterval.swift; sourceTree = "<group>"; };
		D4C7342E23C0FCF300A746B5 /* MyTime.entitlements */ = {isa = PBXFileReference; lastKnownFileType = text.plist.entitlements; path = MyTime.entitlements; sourceTree = "<group>"; };
		D4C7343023C0FD0F00A746B5 /* CloudKit.framework */ = {isa = PBXFileReference; lastKnownFileType = wrapper.framework; name = CloudKit.framework; path = System/Library/Frameworks/CloudKit.framework; sourceTree = SDKROOT; };
		D4C7343723C3A96E00A746B5 /* TimerInterval+CoreDataClass.swift */ = {isa = PBXFileReference; lastKnownFileType = sourcecode.swift; path = "TimerInterval+CoreDataClass.swift"; sourceTree = "<group>"; };
		D4C7343823C3A96E00A746B5 /* TimerInterval+CoreDataProperties.swift */ = {isa = PBXFileReference; lastKnownFileType = sourcecode.swift; path = "TimerInterval+CoreDataProperties.swift"; sourceTree = "<group>"; };
		D4C7343923C3A96E00A746B5 /* Timer+CoreDataClass.swift */ = {isa = PBXFileReference; lastKnownFileType = sourcecode.swift; path = "Timer+CoreDataClass.swift"; sourceTree = "<group>"; };
		D4C7343A23C3A96E00A746B5 /* Timer+CoreDataProperties.swift */ = {isa = PBXFileReference; lastKnownFileType = sourcecode.swift; path = "Timer+CoreDataProperties.swift"; sourceTree = "<group>"; };
/* End PBXFileReference section */

/* Begin PBXFrameworksBuildPhase section */
		D4C733F023C0E39400A746B5 /* Frameworks */ = {
			isa = PBXFrameworksBuildPhase;
			buildActionMask = 2147483647;
			files = (
				D4C7343123C0FD0F00A746B5 /* CloudKit.framework in Frameworks */,
			);
			runOnlyForDeploymentPostprocessing = 0;
		};
		D4C7340923C0E39800A746B5 /* Frameworks */ = {
			isa = PBXFrameworksBuildPhase;
			buildActionMask = 2147483647;
			files = (
			);
			runOnlyForDeploymentPostprocessing = 0;
		};
		D4C7341423C0E39800A746B5 /* Frameworks */ = {
			isa = PBXFrameworksBuildPhase;
			buildActionMask = 2147483647;
			files = (
			);
			runOnlyForDeploymentPostprocessing = 0;
		};
/* End PBXFrameworksBuildPhase section */

/* Begin PBXGroup section */
		D4C733EA23C0E39400A746B5 = {
			isa = PBXGroup;
			children = (
				D4C733F523C0E39400A746B5 /* MyTime */,
				D4C7340F23C0E39800A746B5 /* MyTimeTests */,
				D4C7341A23C0E39800A746B5 /* MyTimeUITests */,
				D4C733F423C0E39400A746B5 /* Products */,
				D4C7342F23C0FD0F00A746B5 /* Frameworks */,
			);
			sourceTree = "<group>";
		};
		D4C733F423C0E39400A746B5 /* Products */ = {
			isa = PBXGroup;
			children = (
				D4C733F323C0E39400A746B5 /* MyTime.app */,
				D4C7340C23C0E39800A746B5 /* MyTimeTests.xctest */,
				D4C7341723C0E39800A746B5 /* MyTimeUITests.xctest */,
			);
			name = Products;
			sourceTree = "<group>";
		};
		D4C733F523C0E39400A746B5 /* MyTime */ = {
			isa = PBXGroup;
			children = (
				D4C7342E23C0FCF300A746B5 /* MyTime.entitlements */,
				D4C7342923C0E3D300A746B5 /* Models */,
				D4C7343623C3A43C00A746B5 /* CoreData */,
				D4C7343223C381D000A746B5 /* Extensions */,
				D4C7343523C3A42700A746B5 /* ViewControllers */,
				D4C733F623C0E39400A746B5 /* AppDelegate.swift */,
				D4C733F823C0E39400A746B5 /* SceneDelegate.swift */,
				D4C733FC23C0E39400A746B5 /* Main.storyboard */,
				D4C7340223C0E39800A746B5 /* Assets.xcassets */,
				D4C7340423C0E39800A746B5 /* LaunchScreen.storyboard */,
				D4C7340723C0E39800A746B5 /* Info.plist */,
			);
			path = MyTime;
			sourceTree = "<group>";
		};
		D4C7340F23C0E39800A746B5 /* MyTimeTests */ = {
			isa = PBXGroup;
			children = (
				D4C7341023C0E39800A746B5 /* MyTimeTests.swift */,
				D4C7341223C0E39800A746B5 /* Info.plist */,
			);
			path = MyTimeTests;
			sourceTree = "<group>";
		};
		D4C7341A23C0E39800A746B5 /* MyTimeUITests */ = {
			isa = PBXGroup;
			children = (
				D4C7341B23C0E39800A746B5 /* MyTimeUITests.swift */,
				D4C7341D23C0E39800A746B5 /* Info.plist */,
			);
			path = MyTimeUITests;
			sourceTree = "<group>";
		};
		D4C7342923C0E3D300A746B5 /* Models */ = {
			isa = PBXGroup;
			children = (
				D4C7342A23C0E4AD00A746B5 /* Timer.swift */,
				D4C7342C23C0F20100A746B5 /* TimerInterval.swift */,
			);
			path = Models;
			sourceTree = "<group>";
		};
		D4C7342F23C0FD0F00A746B5 /* Frameworks */ = {
			isa = PBXGroup;
			children = (
				D4C7343023C0FD0F00A746B5 /* CloudKit.framework */,
			);
			name = Frameworks;
			sourceTree = "<group>";
		};
		D4C7343223C381D000A746B5 /* Extensions */ = {
			isa = PBXGroup;
			children = (
			);
			path = Extensions;
			sourceTree = "<group>";
		};
		D4C7343523C3A42700A746B5 /* ViewControllers */ = {
			isa = PBXGroup;
			children = (
				D4C733FA23C0E39400A746B5 /* ViewController.swift */,
			);
			path = ViewControllers;
			sourceTree = "<group>";
		};
		D4C7343623C3A43C00A746B5 /* CoreData */ = {
			isa = PBXGroup;
			children = (
				D4C7343723C3A96E00A746B5 /* TimerInterval+CoreDataClass.swift */,
				D4C7343823C3A96E00A746B5 /* TimerInterval+CoreDataProperties.swift */,
				D4C7343923C3A96E00A746B5 /* Timer+CoreDataClass.swift */,
				D4C7343A23C3A96E00A746B5 /* Timer+CoreDataProperties.swift */,
				D4C733FF23C0E39400A746B5 /* MyTime.xcdatamodeld */,
			);
			path = CoreData;
			sourceTree = "<group>";
		};
/* End PBXGroup section */

/* Begin PBXNativeTarget section */
		D4C733F223C0E39400A746B5 /* MyTime */ = {
			isa = PBXNativeTarget;
			buildConfigurationList = D4C7342023C0E39800A746B5 /* Build configuration list for PBXNativeTarget "MyTime" */;
			buildPhases = (
				D4C733EF23C0E39400A746B5 /* Sources */,
				D4C733F023C0E39400A746B5 /* Frameworks */,
				D4C733F123C0E39400A746B5 /* Resources */,
			);
			buildRules = (
			);
			dependencies = (
			);
			name = MyTime;
			productName = MyTime;
			productReference = D4C733F323C0E39400A746B5 /* MyTime.app */;
			productType = "com.apple.product-type.application";
		};
		D4C7340B23C0E39800A746B5 /* MyTimeTests */ = {
			isa = PBXNativeTarget;
			buildConfigurationList = D4C7342323C0E39800A746B5 /* Build configuration list for PBXNativeTarget "MyTimeTests" */;
			buildPhases = (
				D4C7340823C0E39800A746B5 /* Sources */,
				D4C7340923C0E39800A746B5 /* Frameworks */,
				D4C7340A23C0E39800A746B5 /* Resources */,
			);
			buildRules = (
			);
			dependencies = (
				D4C7340E23C0E39800A746B5 /* PBXTargetDependency */,
			);
			name = MyTimeTests;
			productName = MyTimeTests;
			productReference = D4C7340C23C0E39800A746B5 /* MyTimeTests.xctest */;
			productType = "com.apple.product-type.bundle.unit-test";
		};
		D4C7341623C0E39800A746B5 /* MyTimeUITests */ = {
			isa = PBXNativeTarget;
			buildConfigurationList = D4C7342623C0E39800A746B5 /* Build configuration list for PBXNativeTarget "MyTimeUITests" */;
			buildPhases = (
				D4C7341323C0E39800A746B5 /* Sources */,
				D4C7341423C0E39800A746B5 /* Frameworks */,
				D4C7341523C0E39800A746B5 /* Resources */,
			);
			buildRules = (
			);
			dependencies = (
				D4C7341923C0E39800A746B5 /* PBXTargetDependency */,
			);
			name = MyTimeUITests;
			productName = MyTimeUITests;
			productReference = D4C7341723C0E39800A746B5 /* MyTimeUITests.xctest */;
			productType = "com.apple.product-type.bundle.ui-testing";
		};
/* End PBXNativeTarget section */

/* Begin PBXProject section */
		D4C733EB23C0E39400A746B5 /* Project object */ = {
			isa = PBXProject;
			attributes = {
				LastSwiftUpdateCheck = 1130;
				LastUpgradeCheck = 1130;
				ORGANIZATIONNAME = FairTrip;
				TargetAttributes = {
					D4C733F223C0E39400A746B5 = {
						CreatedOnToolsVersion = 11.3;
					};
					D4C7340B23C0E39800A746B5 = {
						CreatedOnToolsVersion = 11.3;
						TestTargetID = D4C733F223C0E39400A746B5;
					};
					D4C7341623C0E39800A746B5 = {
						CreatedOnToolsVersion = 11.3;
						TestTargetID = D4C733F223C0E39400A746B5;
					};
				};
			};
			buildConfigurationList = D4C733EE23C0E39400A746B5 /* Build configuration list for PBXProject "MyTime" */;
			compatibilityVersion = "Xcode 9.3";
			developmentRegion = en;
			hasScannedForEncodings = 0;
			knownRegions = (
				en,
				Base,
			);
			mainGroup = D4C733EA23C0E39400A746B5;
			productRefGroup = D4C733F423C0E39400A746B5 /* Products */;
			projectDirPath = "";
			projectRoot = "";
			targets = (
				D4C733F223C0E39400A746B5 /* MyTime */,
				D4C7340B23C0E39800A746B5 /* MyTimeTests */,
				D4C7341623C0E39800A746B5 /* MyTimeUITests */,
			);
		};
/* End PBXProject section */

/* Begin PBXResourcesBuildPhase section */
		D4C733F123C0E39400A746B5 /* Resources */ = {
			isa = PBXResourcesBuildPhase;
			buildActionMask = 2147483647;
			files = (
				D4C7340623C0E39800A746B5 /* LaunchScreen.storyboard in Resources */,
				D4C7340323C0E39800A746B5 /* Assets.xcassets in Resources */,
				D4C733FE23C0E39400A746B5 /* Main.storyboard in Resources */,
			);
			runOnlyForDeploymentPostprocessing = 0;
		};
		D4C7340A23C0E39800A746B5 /* Resources */ = {
			isa = PBXResourcesBuildPhase;
			buildActionMask = 2147483647;
			files = (
			);
			runOnlyForDeploymentPostprocessing = 0;
		};
		D4C7341523C0E39800A746B5 /* Resources */ = {
			isa = PBXResourcesBuildPhase;
			buildActionMask = 2147483647;
			files = (
			);
			runOnlyForDeploymentPostprocessing = 0;
		};
/* End PBXResourcesBuildPhase section */

/* Begin PBXSourcesBuildPhase section */
		D4C733EF23C0E39400A746B5 /* Sources */ = {
			isa = PBXSourcesBuildPhase;
			buildActionMask = 2147483647;
			files = (
				D4C7340123C0E39400A746B5 /* MyTime.xcdatamodeld in Sources */,
				D4C733FB23C0E39400A746B5 /* ViewController.swift in Sources */,
				D4C7343D23C3A96E00A746B5 /* Timer+CoreDataClass.swift in Sources */,
				D4C7343C23C3A96E00A746B5 /* TimerInterval+CoreDataProperties.swift in Sources */,
				D4C7342D23C0F20100A746B5 /* TimerInterval.swift in Sources */,
				D4C733F723C0E39400A746B5 /* AppDelegate.swift in Sources */,
				D4C7342B23C0E4AD00A746B5 /* Timer.swift in Sources */,
				D4C7343B23C3A96E00A746B5 /* TimerInterval+CoreDataClass.swift in Sources */,
				D4C733F923C0E39400A746B5 /* SceneDelegate.swift in Sources */,
				D4C7343E23C3A96E00A746B5 /* Timer+CoreDataProperties.swift in Sources */,
			);
			runOnlyForDeploymentPostprocessing = 0;
		};
		D4C7340823C0E39800A746B5 /* Sources */ = {
			isa = PBXSourcesBuildPhase;
			buildActionMask = 2147483647;
			files = (
				D4C7341123C0E39800A746B5 /* MyTimeTests.swift in Sources */,
			);
			runOnlyForDeploymentPostprocessing = 0;
		};
		D4C7341323C0E39800A746B5 /* Sources */ = {
			isa = PBXSourcesBuildPhase;
			buildActionMask = 2147483647;
			files = (
				D4C7341C23C0E39800A746B5 /* MyTimeUITests.swift in Sources */,
			);
			runOnlyForDeploymentPostprocessing = 0;
		};
/* End PBXSourcesBuildPhase section */

/* Begin PBXTargetDependency section */
		D4C7340E23C0E39800A746B5 /* PBXTargetDependency */ = {
			isa = PBXTargetDependency;
			target = D4C733F223C0E39400A746B5 /* MyTime */;
			targetProxy = D4C7340D23C0E39800A746B5 /* PBXContainerItemProxy */;
		};
		D4C7341923C0E39800A746B5 /* PBXTargetDependency */ = {
			isa = PBXTargetDependency;
			target = D4C733F223C0E39400A746B5 /* MyTime */;
			targetProxy = D4C7341823C0E39800A746B5 /* PBXContainerItemProxy */;
		};
/* End PBXTargetDependency section */

/* Begin PBXVariantGroup section */
		D4C733FC23C0E39400A746B5 /* Main.storyboard */ = {
			isa = PBXVariantGroup;
			children = (
				D4C733FD23C0E39400A746B5 /* Base */,
			);
			name = Main.storyboard;
			sourceTree = "<group>";
		};
		D4C7340423C0E39800A746B5 /* LaunchScreen.storyboard */ = {
			isa = PBXVariantGroup;
			children = (
				D4C7340523C0E39800A746B5 /* Base */,
			);
			name = LaunchScreen.storyboard;
			sourceTree = "<group>";
		};
/* End PBXVariantGroup section */

/* Begin XCBuildConfiguration section */
		D4C7341E23C0E39800A746B5 /* Debug */ = {
			isa = XCBuildConfiguration;
			buildSettings = {
				ALWAYS_SEARCH_USER_PATHS = NO;
				CLANG_ANALYZER_NONNULL = YES;
				CLANG_ANALYZER_NUMBER_OBJECT_CONVERSION = YES_AGGRESSIVE;
				CLANG_CXX_LANGUAGE_STANDARD = "gnu++14";
				CLANG_CXX_LIBRARY = "libc++";
				CLANG_ENABLE_MODULES = YES;
				CLANG_ENABLE_OBJC_ARC = YES;
				CLANG_ENABLE_OBJC_WEAK = YES;
				CLANG_WARN_BLOCK_CAPTURE_AUTORELEASING = YES;
				CLANG_WARN_BOOL_CONVERSION = YES;
				CLANG_WARN_COMMA = YES;
				CLANG_WARN_CONSTANT_CONVERSION = YES;
				CLANG_WARN_DEPRECATED_OBJC_IMPLEMENTATIONS = YES;
				CLANG_WARN_DIRECT_OBJC_ISA_USAGE = YES_ERROR;
				CLANG_WARN_DOCUMENTATION_COMMENTS = YES;
				CLANG_WARN_EMPTY_BODY = YES;
				CLANG_WARN_ENUM_CONVERSION = YES;
				CLANG_WARN_INFINITE_RECURSION = YES;
				CLANG_WARN_INT_CONVERSION = YES;
				CLANG_WARN_NON_LITERAL_NULL_CONVERSION = YES;
				CLANG_WARN_OBJC_IMPLICIT_RETAIN_SELF = YES;
				CLANG_WARN_OBJC_LITERAL_CONVERSION = YES;
				CLANG_WARN_OBJC_ROOT_CLASS = YES_ERROR;
				CLANG_WARN_RANGE_LOOP_ANALYSIS = YES;
				CLANG_WARN_STRICT_PROTOTYPES = YES;
				CLANG_WARN_SUSPICIOUS_MOVE = YES;
				CLANG_WARN_UNGUARDED_AVAILABILITY = YES_AGGRESSIVE;
				CLANG_WARN_UNREACHABLE_CODE = YES;
				CLANG_WARN__DUPLICATE_METHOD_MATCH = YES;
				COPY_PHASE_STRIP = NO;
				DEBUG_INFORMATION_FORMAT = dwarf;
				ENABLE_STRICT_OBJC_MSGSEND = YES;
				ENABLE_TESTABILITY = YES;
				GCC_C_LANGUAGE_STANDARD = gnu11;
				GCC_DYNAMIC_NO_PIC = NO;
				GCC_NO_COMMON_BLOCKS = YES;
				GCC_OPTIMIZATION_LEVEL = 0;
				GCC_PREPROCESSOR_DEFINITIONS = (
					"DEBUG=1",
					"$(inherited)",
				);
				GCC_WARN_64_TO_32_BIT_CONVERSION = YES;
				GCC_WARN_ABOUT_RETURN_TYPE = YES_ERROR;
				GCC_WARN_UNDECLARED_SELECTOR = YES;
				GCC_WARN_UNINITIALIZED_AUTOS = YES_AGGRESSIVE;
				GCC_WARN_UNUSED_FUNCTION = YES;
				GCC_WARN_UNUSED_VARIABLE = YES;
				IPHONEOS_DEPLOYMENT_TARGET = 13.2;
				MTL_ENABLE_DEBUG_INFO = INCLUDE_SOURCE;
				MTL_FAST_MATH = YES;
				ONLY_ACTIVE_ARCH = YES;
				SDKROOT = iphoneos;
				SWIFT_ACTIVE_COMPILATION_CONDITIONS = DEBUG;
				SWIFT_OPTIMIZATION_LEVEL = "-Onone";
			};
			name = Debug;
		};
		D4C7341F23C0E39800A746B5 /* Release */ = {
			isa = XCBuildConfiguration;
			buildSettings = {
				ALWAYS_SEARCH_USER_PATHS = NO;
				CLANG_ANALYZER_NONNULL = YES;
				CLANG_ANALYZER_NUMBER_OBJECT_CONVERSION = YES_AGGRESSIVE;
				CLANG_CXX_LANGUAGE_STANDARD = "gnu++14";
				CLANG_CXX_LIBRARY = "libc++";
				CLANG_ENABLE_MODULES = YES;
				CLANG_ENABLE_OBJC_ARC = YES;
				CLANG_ENABLE_OBJC_WEAK = YES;
				CLANG_WARN_BLOCK_CAPTURE_AUTORELEASING = YES;
				CLANG_WARN_BOOL_CONVERSION = YES;
				CLANG_WARN_COMMA = YES;
				CLANG_WARN_CONSTANT_CONVERSION = YES;
				CLANG_WARN_DEPRECATED_OBJC_IMPLEMENTATIONS = YES;
				CLANG_WARN_DIRECT_OBJC_ISA_USAGE = YES_ERROR;
				CLANG_WARN_DOCUMENTATION_COMMENTS = YES;
				CLANG_WARN_EMPTY_BODY = YES;
				CLANG_WARN_ENUM_CONVERSION = YES;
				CLANG_WARN_INFINITE_RECURSION = YES;
				CLANG_WARN_INT_CONVERSION = YES;
				CLANG_WARN_NON_LITERAL_NULL_CONVERSION = YES;
				CLANG_WARN_OBJC_IMPLICIT_RETAIN_SELF = YES;
				CLANG_WARN_OBJC_LITERAL_CONVERSION = YES;
				CLANG_WARN_OBJC_ROOT_CLASS = YES_ERROR;
				CLANG_WARN_RANGE_LOOP_ANALYSIS = YES;
				CLANG_WARN_STRICT_PROTOTYPES = YES;
				CLANG_WARN_SUSPICIOUS_MOVE = YES;
				CLANG_WARN_UNGUARDED_AVAILABILITY = YES_AGGRESSIVE;
				CLANG_WARN_UNREACHABLE_CODE = YES;
				CLANG_WARN__DUPLICATE_METHOD_MATCH = YES;
				COPY_PHASE_STRIP = NO;
				DEBUG_INFORMATION_FORMAT = "dwarf-with-dsym";
				ENABLE_NS_ASSERTIONS = NO;
				ENABLE_STRICT_OBJC_MSGSEND = YES;
				GCC_C_LANGUAGE_STANDARD = gnu11;
				GCC_NO_COMMON_BLOCKS = YES;
				GCC_WARN_64_TO_32_BIT_CONVERSION = YES;
				GCC_WARN_ABOUT_RETURN_TYPE = YES_ERROR;
				GCC_WARN_UNDECLARED_SELECTOR = YES;
				GCC_WARN_UNINITIALIZED_AUTOS = YES_AGGRESSIVE;
				GCC_WARN_UNUSED_FUNCTION = YES;
				GCC_WARN_UNUSED_VARIABLE = YES;
				IPHONEOS_DEPLOYMENT_TARGET = 13.2;
				MTL_ENABLE_DEBUG_INFO = NO;
				MTL_FAST_MATH = YES;
				SDKROOT = iphoneos;
				SWIFT_COMPILATION_MODE = wholemodule;
				SWIFT_OPTIMIZATION_LEVEL = "-O";
				VALIDATE_PRODUCT = YES;
			};
			name = Release;
		};
		D4C7342123C0E39800A746B5 /* Debug */ = {
			isa = XCBuildConfiguration;
			buildSettings = {
				ASSETCATALOG_COMPILER_APPICON_NAME = AppIcon;
				CODE_SIGN_ENTITLEMENTS = MyTime/MyTime.entitlements;
				CODE_SIGN_STYLE = Automatic;
				DEVELOPMENT_TEAM = G92J9Q6485;
				INFOPLIST_FILE = MyTime/Info.plist;
				IPHONEOS_DEPLOYMENT_TARGET = 13.0;
				LD_RUNPATH_SEARCH_PATHS = (
					"$(inherited)",
					"@executable_path/Frameworks",
				);
				PRODUCT_BUNDLE_IDENTIFIER = FairTrip.MyTime;
				PRODUCT_NAME = "$(TARGET_NAME)";
				SWIFT_VERSION = 5.0;
				TARGETED_DEVICE_FAMILY = "1,2";
			};
			name = Debug;
		};
		D4C7342223C0E39800A746B5 /* Release */ = {
			isa = XCBuildConfiguration;
			buildSettings = {
				ASSETCATALOG_COMPILER_APPICON_NAME = AppIcon;
				CODE_SIGN_ENTITLEMENTS = MyTime/MyTime.entitlements;
				CODE_SIGN_STYLE = Automatic;
				DEVELOPMENT_TEAM = G92J9Q6485;
				INFOPLIST_FILE = MyTime/Info.plist;
				IPHONEOS_DEPLOYMENT_TARGET = 13.0;
				LD_RUNPATH_SEARCH_PATHS = (
					"$(inherited)",
					"@executable_path/Frameworks",
				);
				PRODUCT_BUNDLE_IDENTIFIER = FairTrip.MyTime;
				PRODUCT_NAME = "$(TARGET_NAME)";
				SWIFT_VERSION = 5.0;
				TARGETED_DEVICE_FAMILY = "1,2";
			};
			name = Release;
		};
		D4C7342423C0E39800A746B5 /* Debug */ = {
			isa = XCBuildConfiguration;
			buildSettings = {
				ALWAYS_EMBED_SWIFT_STANDARD_LIBRARIES = YES;
				BUNDLE_LOADER = "$(TEST_HOST)";
				CODE_SIGN_STYLE = Automatic;
				DEVELOPMENT_TEAM = G92J9Q6485;
				INFOPLIST_FILE = MyTimeTests/Info.plist;
				IPHONEOS_DEPLOYMENT_TARGET = 13.2;
				LD_RUNPATH_SEARCH_PATHS = (
					"$(inherited)",
					"@executable_path/Frameworks",
					"@loader_path/Frameworks",
				);
				PRODUCT_BUNDLE_IDENTIFIER = FairTrip.MyTimeTests;
				PRODUCT_NAME = "$(TARGET_NAME)";
				SWIFT_VERSION = 5.0;
				TARGETED_DEVICE_FAMILY = "1,2";
				TEST_HOST = "$(BUILT_PRODUCTS_DIR)/MyTime.app/MyTime";
			};
			name = Debug;
		};
		D4C7342523C0E39800A746B5 /* Release */ = {
			isa = XCBuildConfiguration;
			buildSettings = {
				ALWAYS_EMBED_SWIFT_STANDARD_LIBRARIES = YES;
				BUNDLE_LOADER = "$(TEST_HOST)";
				CODE_SIGN_STYLE = Automatic;
				DEVELOPMENT_TEAM = G92J9Q6485;
				INFOPLIST_FILE = MyTimeTests/Info.plist;
				IPHONEOS_DEPLOYMENT_TARGET = 13.2;
				LD_RUNPATH_SEARCH_PATHS = (
					"$(inherited)",
					"@executable_path/Frameworks",
					"@loader_path/Frameworks",
				);
				PRODUCT_BUNDLE_IDENTIFIER = FairTrip.MyTimeTests;
				PRODUCT_NAME = "$(TARGET_NAME)";
				SWIFT_VERSION = 5.0;
				TARGETED_DEVICE_FAMILY = "1,2";
				TEST_HOST = "$(BUILT_PRODUCTS_DIR)/MyTime.app/MyTime";
			};
			name = Release;
		};
		D4C7342723C0E39800A746B5 /* Debug */ = {
			isa = XCBuildConfiguration;
			buildSettings = {
				ALWAYS_EMBED_SWIFT_STANDARD_LIBRARIES = YES;
				CODE_SIGN_STYLE = Automatic;
				DEVELOPMENT_TEAM = G92J9Q6485;
				INFOPLIST_FILE = MyTimeUITests/Info.plist;
				LD_RUNPATH_SEARCH_PATHS = (
					"$(inherited)",
					"@executable_path/Frameworks",
					"@loader_path/Frameworks",
				);
				PRODUCT_BUNDLE_IDENTIFIER = FairTrip.MyTimeUITests;
				PRODUCT_NAME = "$(TARGET_NAME)";
				SWIFT_VERSION = 5.0;
				TARGETED_DEVICE_FAMILY = "1,2";
				TEST_TARGET_NAME = MyTime;
			};
			name = Debug;
		};
		D4C7342823C0E39800A746B5 /* Release */ = {
			isa = XCBuildConfiguration;
			buildSettings = {
				ALWAYS_EMBED_SWIFT_STANDARD_LIBRARIES = YES;
				CODE_SIGN_STYLE = Automatic;
				DEVELOPMENT_TEAM = G92J9Q6485;
				INFOPLIST_FILE = MyTimeUITests/Info.plist;
				LD_RUNPATH_SEARCH_PATHS = (
					"$(inherited)",
					"@executable_path/Frameworks",
					"@loader_path/Frameworks",
				);
				PRODUCT_BUNDLE_IDENTIFIER = FairTrip.MyTimeUITests;
				PRODUCT_NAME = "$(TARGET_NAME)";
				SWIFT_VERSION = 5.0;
				TARGETED_DEVICE_FAMILY = "1,2";
				TEST_TARGET_NAME = MyTime;
			};
			name = Release;
		};
/* End XCBuildConfiguration section */

/* Begin XCConfigurationList section */
		D4C733EE23C0E39400A746B5 /* Build configuration list for PBXProject "MyTime" */ = {
			isa = XCConfigurationList;
			buildConfigurations = (
				D4C7341E23C0E39800A746B5 /* Debug */,
				D4C7341F23C0E39800A746B5 /* Release */,
			);
			defaultConfigurationIsVisible = 0;
			defaultConfigurationName = Release;
		};
		D4C7342023C0E39800A746B5 /* Build configuration list for PBXNativeTarget "MyTime" */ = {
			isa = XCConfigurationList;
			buildConfigurations = (
				D4C7342123C0E39800A746B5 /* Debug */,
				D4C7342223C0E39800A746B5 /* Release */,
			);
			defaultConfigurationIsVisible = 0;
			defaultConfigurationName = Release;
		};
		D4C7342323C0E39800A746B5 /* Build configuration list for PBXNativeTarget "MyTimeTests" */ = {
			isa = XCConfigurationList;
			buildConfigurations = (
				D4C7342423C0E39800A746B5 /* Debug */,
				D4C7342523C0E39800A746B5 /* Release */,
			);
			defaultConfigurationIsVisible = 0;
			defaultConfigurationName = Release;
		};
		D4C7342623C0E39800A746B5 /* Build configuration list for PBXNativeTarget "MyTimeUITests" */ = {
			isa = XCConfigurationList;
			buildConfigurations = (
				D4C7342723C0E39800A746B5 /* Debug */,
				D4C7342823C0E39800A746B5 /* Release */,
			);
			defaultConfigurationIsVisible = 0;
			defaultConfigurationName = Release;
		};
/* End XCConfigurationList section */

/* Begin XCVersionGroup section */
		D4C733FF23C0E39400A746B5 /* MyTime.xcdatamodeld */ = {
			isa = XCVersionGroup;
			children = (
				D4C7340023C0E39400A746B5 /* MyTime.xcdatamodel */,
			);
			currentVersion = D4C7340023C0E39400A746B5 /* MyTime.xcdatamodel */;
			path = MyTime.xcdatamodeld;
			sourceTree = "<group>";
			versionGroupType = wrapper.xcdatamodel;
		};
/* End XCVersionGroup section */
	};
	rootObject = D4C733EB23C0E39400A746B5 /* Project object */;
}
