// !$*UTF8*$!
{
	archiveVersion = 1;
	classes = {
	};
	objectVersion = 51;
	objects = {

/* Begin PBXBuildFile section */
		2B9E1BD47DE2D126B034CC5E /* Pods_MyTime_MyTimeUITests.framework in Frameworks */ = {isa = PBXBuildFile; fileRef = 6A5A36DDCB489EA06E907862 /* Pods_MyTime_MyTimeUITests.framework */; };
		37EFDE4423D9AF290028E214 /* CodableForAppModel.swift in Sources */ = {isa = PBXBuildFile; fileRef = 37EFDE4223D9AEE50028E214 /* CodableForAppModel.swift */; };
		451CB9CFE7E4E49BBE74A0E6 /* Pods_MyTimeTests.framework in Frameworks */ = {isa = PBXBuildFile; fileRef = 0F1D645C2513CA67E4F4606C /* Pods_MyTimeTests.framework */; };
		AD11025F0BA4B010F74BB8DD /* Pods_MyTime.framework in Frameworks */ = {isa = PBXBuildFile; fileRef = 1282D6B1379E7C012411C2EC /* Pods_MyTime.framework */; };
		D412391623D66123003C58F9 /* EditPopupDataSource.swift in Sources */ = {isa = PBXBuildFile; fileRef = D412391523D66123003C58F9 /* EditPopupDataSource.swift */; };
		D412391823D6613A003C58F9 /* APIEditPopupDataSource.swift in Sources */ = {isa = PBXBuildFile; fileRef = D412391723D6613A003C58F9 /* APIEditPopupDataSource.swift */; };
		D4304F9D23C64B530096018E /* RootCoordinator.swift in Sources */ = {isa = PBXBuildFile; fileRef = D4304F9C23C64B530096018E /* RootCoordinator.swift */; };
		D4304F9F23C71F330096018E /* Coordinator.swift in Sources */ = {isa = PBXBuildFile; fileRef = D4304F9E23C71F330096018E /* Coordinator.swift */; };
		D4304FA123C74A680096018E /* TimersNavigationCoordinator.swift in Sources */ = {isa = PBXBuildFile; fileRef = D4304FA023C74A680096018E /* TimersNavigationCoordinator.swift */; };
		D43EB7ED23D5DB5A00C2CA86 /* CGPoint+Extensions.swift in Sources */ = {isa = PBXBuildFile; fileRef = D43EB7EC23D5DB5A00C2CA86 /* CGPoint+Extensions.swift */; };
		D43EB7F523D6062D00C2CA86 /* EditPopup.swift in Sources */ = {isa = PBXBuildFile; fileRef = D43EB7F423D6062D00C2CA86 /* EditPopup.swift */; };
		D43EB7F723D60B3D00C2CA86 /* Date+Extensions.swift in Sources */ = {isa = PBXBuildFile; fileRef = D43EB7F623D60B3D00C2CA86 /* Date+Extensions.swift */; };
		D451930823CC75AE0074D08E /* Int+Extensions.swift in Sources */ = {isa = PBXBuildFile; fileRef = D451930723CC75AE0074D08E /* Int+Extensions.swift */; };
		D451930A23CCBCB20074D08E /* EditTimerVC.swift in Sources */ = {isa = PBXBuildFile; fileRef = D451930923CCBCB20074D08E /* EditTimerVC.swift */; };
		D462FBD723D1B64700BC7138 /* DayCircleView.swift in Sources */ = {isa = PBXBuildFile; fileRef = D462FBD623D1B64700BC7138 /* DayCircleView.swift */; };
		D468F75423DB4B41003BFA45 /* StatsVC.swift in Sources */ = {isa = PBXBuildFile; fileRef = D468F75323DB4B41003BFA45 /* StatsVC.swift */; };
		D468F75623DB501B003BFA45 /* StatsDataSource.swift in Sources */ = {isa = PBXBuildFile; fileRef = D468F75523DB501B003BFA45 /* StatsDataSource.swift */; };
		D468F75923DB5114003BFA45 /* APIStatsDataSource.swift in Sources */ = {isa = PBXBuildFile; fileRef = D468F75823DB5114003BFA45 /* APIStatsDataSource.swift */; };
		D468F75F23DB564D003BFA45 /* StatsCircleView.swift in Sources */ = {isa = PBXBuildFile; fileRef = D468F75E23DB564D003BFA45 /* StatsCircleView.swift */; };
		D468F76123DB5815003BFA45 /* StatsTableViewCell.swift in Sources */ = {isa = PBXBuildFile; fileRef = D468F76023DB5815003BFA45 /* StatsTableViewCell.swift */; };
		D47BBF0A23DF2D99001523B3 /* MainTabBarCoordinator.swift in Sources */ = {isa = PBXBuildFile; fileRef = D47BBF0923DF2D98001523B3 /* MainTabBarCoordinator.swift */; };
		D47BBF0E23DF332F001523B3 /* MainTabBarController.swift in Sources */ = {isa = PBXBuildFile; fileRef = D47BBF0D23DF332F001523B3 /* MainTabBarController.swift */; };
		D47BBF1023DF39CE001523B3 /* StatsNavigationCoordinator.swift in Sources */ = {isa = PBXBuildFile; fileRef = D47BBF0F23DF39CE001523B3 /* StatsNavigationCoordinator.swift */; };
		D49A904223CF2B6D005384D3 /* EditTimerDataSource.swift in Sources */ = {isa = PBXBuildFile; fileRef = D49A904123CF2B6D005384D3 /* EditTimerDataSource.swift */; };
		D49A904623CF2C00005384D3 /* APIEditTimerDataSource.swift in Sources */ = {isa = PBXBuildFile; fileRef = D49A904523CF2C00005384D3 /* APIEditTimerDataSource.swift */; };
		D4C733F723C0E39400A746B5 /* AppDelegate.swift in Sources */ = {isa = PBXBuildFile; fileRef = D4C733F623C0E39400A746B5 /* AppDelegate.swift */; };
		D4C733F923C0E39400A746B5 /* SceneDelegate.swift in Sources */ = {isa = PBXBuildFile; fileRef = D4C733F823C0E39400A746B5 /* SceneDelegate.swift */; };
		D4C733FB23C0E39400A746B5 /* TimersViewController.swift in Sources */ = {isa = PBXBuildFile; fileRef = D4C733FA23C0E39400A746B5 /* TimersViewController.swift */; };
		D4C7340323C0E39800A746B5 /* Assets.xcassets in Resources */ = {isa = PBXBuildFile; fileRef = D4C7340223C0E39800A746B5 /* Assets.xcassets */; };
		D4C7340623C0E39800A746B5 /* LaunchScreen.storyboard in Resources */ = {isa = PBXBuildFile; fileRef = D4C7340423C0E39800A746B5 /* LaunchScreen.storyboard */; };
		D4C7341123C0E39800A746B5 /* MyTimeTests.swift in Sources */ = {isa = PBXBuildFile; fileRef = D4C7341023C0E39800A746B5 /* MyTimeTests.swift */; };
		D4C7341C23C0E39800A746B5 /* MyTimeUITests.swift in Sources */ = {isa = PBXBuildFile; fileRef = D4C7341B23C0E39800A746B5 /* MyTimeUITests.swift */; };
		D4C7342B23C0E4AD00A746B5 /* TimerRealm.swift in Sources */ = {isa = PBXBuildFile; fileRef = D4C7342A23C0E4AD00A746B5 /* TimerRealm.swift */; };
		D4C7342D23C0F20100A746B5 /* TimerIntervalRealm.swift in Sources */ = {isa = PBXBuildFile; fileRef = D4C7342C23C0F20100A746B5 /* TimerIntervalRealm.swift */; };
		D4C7343123C0FD0F00A746B5 /* CloudKit.framework in Frameworks */ = {isa = PBXBuildFile; fileRef = D4C7343023C0FD0F00A746B5 /* CloudKit.framework */; };
		D4C7344923C501A400A746B5 /* Timer.swift in Sources */ = {isa = PBXBuildFile; fileRef = D4C7344823C501A400A746B5 /* Timer.swift */; };
		D4C7344B23C501B400A746B5 /* TimerInterval.swift in Sources */ = {isa = PBXBuildFile; fileRef = D4C7344A23C501B400A746B5 /* TimerInterval.swift */; };
		D4C7344D23C502EB00A746B5 /* APITimersDataSource.swift in Sources */ = {isa = PBXBuildFile; fileRef = D4C7344C23C502EB00A746B5 /* APITimersDataSource.swift */; };
		D4C7344F23C5038200A746B5 /* TimersDataSource.swift in Sources */ = {isa = PBXBuildFile; fileRef = D4C7344E23C5038200A746B5 /* TimersDataSource.swift */; };
		D4D09C3523E031E400B85D78 /* CalendarVC.swift in Sources */ = {isa = PBXBuildFile; fileRef = D4D09C3423E031E400B85D78 /* CalendarVC.swift */; };
		D4D844B423C79F4A00533701 /* Main.storyboard in Resources */ = {isa = PBXBuildFile; fileRef = D4D844B323C79F4A00533701 /* Main.storyboard */; };
		D4D844B823C7A91700533701 /* TimersTableViewCell.swift in Sources */ = {isa = PBXBuildFile; fileRef = D4D844B723C7A91700533701 /* TimersTableViewCell.swift */; };
		D4EC98BA23C899F8003EC3C0 /* TimerColor.swift in Sources */ = {isa = PBXBuildFile; fileRef = D4EC98B923C899F8003EC3C0 /* TimerColor.swift */; };
/* End PBXBuildFile section */

/* Begin PBXContainerItemProxy section */
		D4C7340D23C0E39800A746B5 /* PBXContainerItemProxy */ = {
			isa = PBXContainerItemProxy;
			containerPortal = D4C733EB23C0E39400A746B5 /* Project object */;
			proxyType = 1;
			remoteGlobalIDString = D4C733F223C0E39400A746B5;
			remoteInfo = MyTime;
		};
		D4C7341823C0E39800A746B5 /* PBXContainerItemProxy */ = {
			isa = PBXContainerItemProxy;
			containerPortal = D4C733EB23C0E39400A746B5 /* Project object */;
			proxyType = 1;
			remoteGlobalIDString = D4C733F223C0E39400A746B5;
			remoteInfo = MyTime;
		};
/* End PBXContainerItemProxy section */

/* Begin PBXFileReference section */
		0F1D645C2513CA67E4F4606C /* Pods_MyTimeTests.framework */ = {isa = PBXFileReference; explicitFileType = wrapper.framework; includeInIndex = 0; path = Pods_MyTimeTests.framework; sourceTree = BUILT_PRODUCTS_DIR; };
		1282D6B1379E7C012411C2EC /* Pods_MyTime.framework */ = {isa = PBXFileReference; explicitFileType = wrapper.framework; includeInIndex = 0; path = Pods_MyTime.framework; sourceTree = BUILT_PRODUCTS_DIR; };
		1E2E68E676E915669AD943B4 /* Pods-MyTime.debug.xcconfig */ = {isa = PBXFileReference; includeInIndex = 1; lastKnownFileType = text.xcconfig; name = "Pods-MyTime.debug.xcconfig"; path = "Target Support Files/Pods-MyTime/Pods-MyTime.debug.xcconfig"; sourceTree = "<group>"; };
		37EFDE4223D9AEE50028E214 /* CodableForAppModel.swift */ = {isa = PBXFileReference; fileEncoding = 4; lastKnownFileType = sourcecode.swift; path = CodableForAppModel.swift; sourceTree = "<group>"; };
		5465FEB96FED5D120A6E5B3F /* Pods-MyTimeTests.debug.xcconfig */ = {isa = PBXFileReference; includeInIndex = 1; lastKnownFileType = text.xcconfig; name = "Pods-MyTimeTests.debug.xcconfig"; path = "Target Support Files/Pods-MyTimeTests/Pods-MyTimeTests.debug.xcconfig"; sourceTree = "<group>"; };
		6A5A36DDCB489EA06E907862 /* Pods_MyTime_MyTimeUITests.framework */ = {isa = PBXFileReference; explicitFileType = wrapper.framework; includeInIndex = 0; path = Pods_MyTime_MyTimeUITests.framework; sourceTree = BUILT_PRODUCTS_DIR; };
		967CA6C20BA817C7C58F48FC /* Pods-MyTime-MyTimeUITests.release.xcconfig */ = {isa = PBXFileReference; includeInIndex = 1; lastKnownFileType = text.xcconfig; name = "Pods-MyTime-MyTimeUITests.release.xcconfig"; path = "Target Support Files/Pods-MyTime-MyTimeUITests/Pods-MyTime-MyTimeUITests.release.xcconfig"; sourceTree = "<group>"; };
		9B743D9D1856CE176B991D0B /* Pods-MyTime.release.xcconfig */ = {isa = PBXFileReference; includeInIndex = 1; lastKnownFileType = text.xcconfig; name = "Pods-MyTime.release.xcconfig"; path = "Target Support Files/Pods-MyTime/Pods-MyTime.release.xcconfig"; sourceTree = "<group>"; };
		D412391523D66123003C58F9 /* EditPopupDataSource.swift */ = {isa = PBXFileReference; lastKnownFileType = sourcecode.swift; path = EditPopupDataSource.swift; sourceTree = "<group>"; };
		D412391723D6613A003C58F9 /* APIEditPopupDataSource.swift */ = {isa = PBXFileReference; lastKnownFileType = sourcecode.swift; path = APIEditPopupDataSource.swift; sourceTree = "<group>"; };
		D4304F9C23C64B530096018E /* RootCoordinator.swift */ = {isa = PBXFileReference; lastKnownFileType = sourcecode.swift; path = RootCoordinator.swift; sourceTree = "<group>"; };
		D4304F9E23C71F330096018E /* Coordinator.swift */ = {isa = PBXFileReference; lastKnownFileType = sourcecode.swift; path = Coordinator.swift; sourceTree = "<group>"; };
		D4304FA023C74A680096018E /* TimersNavigationCoordinator.swift */ = {isa = PBXFileReference; lastKnownFileType = sourcecode.swift; path = TimersNavigationCoordinator.swift; sourceTree = "<group>"; };
		D43EB7EC23D5DB5A00C2CA86 /* CGPoint+Extensions.swift */ = {isa = PBXFileReference; lastKnownFileType = sourcecode.swift; path = "CGPoint+Extensions.swift"; sourceTree = "<group>"; };
		D43EB7F423D6062D00C2CA86 /* EditPopup.swift */ = {isa = PBXFileReference; lastKnownFileType = sourcecode.swift; path = EditPopup.swift; sourceTree = "<group>"; };
		D43EB7F623D60B3D00C2CA86 /* Date+Extensions.swift */ = {isa = PBXFileReference; lastKnownFileType = sourcecode.swift; path = "Date+Extensions.swift"; sourceTree = "<group>"; };
		D451930723CC75AE0074D08E /* Int+Extensions.swift */ = {isa = PBXFileReference; lastKnownFileType = sourcecode.swift; path = "Int+Extensions.swift"; sourceTree = "<group>"; };
		D451930923CCBCB20074D08E /* EditTimerVC.swift */ = {isa = PBXFileReference; lastKnownFileType = sourcecode.swift; path = EditTimerVC.swift; sourceTree = "<group>"; };
		D462FBD623D1B64700BC7138 /* DayCircleView.swift */ = {isa = PBXFileReference; lastKnownFileType = sourcecode.swift; path = DayCircleView.swift; sourceTree = "<group>"; };
		D468F75323DB4B41003BFA45 /* StatsVC.swift */ = {isa = PBXFileReference; lastKnownFileType = sourcecode.swift; path = StatsVC.swift; sourceTree = "<group>"; };
		D468F75523DB501B003BFA45 /* StatsDataSource.swift */ = {isa = PBXFileReference; lastKnownFileType = sourcecode.swift; path = StatsDataSource.swift; sourceTree = "<group>"; };
		D468F75823DB5114003BFA45 /* APIStatsDataSource.swift */ = {isa = PBXFileReference; lastKnownFileType = sourcecode.swift; path = APIStatsDataSource.swift; sourceTree = "<group>"; };
		D468F75E23DB564D003BFA45 /* StatsCircleView.swift */ = {isa = PBXFileReference; lastKnownFileType = sourcecode.swift; path = StatsCircleView.swift; sourceTree = "<group>"; };
		D468F76023DB5815003BFA45 /* StatsTableViewCell.swift */ = {isa = PBXFileReference; lastKnownFileType = sourcecode.swift; path = StatsTableViewCell.swift; sourceTree = "<group>"; };
		D47BBF0923DF2D98001523B3 /* MainTabBarCoordinator.swift */ = {isa = PBXFileReference; lastKnownFileType = sourcecode.swift; path = MainTabBarCoordinator.swift; sourceTree = "<group>"; };
		D47BBF0D23DF332F001523B3 /* MainTabBarController.swift */ = {isa = PBXFileReference; lastKnownFileType = sourcecode.swift; path = MainTabBarController.swift; sourceTree = "<group>"; };
		D47BBF0F23DF39CE001523B3 /* StatsNavigationCoordinator.swift */ = {isa = PBXFileReference; lastKnownFileType = sourcecode.swift; path = StatsNavigationCoordinator.swift; sourceTree = "<group>"; };
		D49A904123CF2B6D005384D3 /* EditTimerDataSource.swift */ = {isa = PBXFileReference; lastKnownFileType = sourcecode.swift; path = EditTimerDataSource.swift; sourceTree = "<group>"; };
		D49A904523CF2C00005384D3 /* APIEditTimerDataSource.swift */ = {isa = PBXFileReference; lastKnownFileType = sourcecode.swift; path = APIEditTimerDataSource.swift; sourceTree = "<group>"; };
		D4C733F323C0E39400A746B5 /* MyTime.app */ = {isa = PBXFileReference; explicitFileType = wrapper.application; includeInIndex = 0; path = MyTime.app; sourceTree = BUILT_PRODUCTS_DIR; };
		D4C733F623C0E39400A746B5 /* AppDelegate.swift */ = {isa = PBXFileReference; lastKnownFileType = sourcecode.swift; path = AppDelegate.swift; sourceTree = "<group>"; };
		D4C733F823C0E39400A746B5 /* SceneDelegate.swift */ = {isa = PBXFileReference; lastKnownFileType = sourcecode.swift; path = SceneDelegate.swift; sourceTree = "<group>"; };
		D4C733FA23C0E39400A746B5 /* TimersViewController.swift */ = {isa = PBXFileReference; lastKnownFileType = sourcecode.swift; path = TimersViewController.swift; sourceTree = "<group>"; };
		D4C7340223C0E39800A746B5 /* Assets.xcassets */ = {isa = PBXFileReference; lastKnownFileType = folder.assetcatalog; path = Assets.xcassets; sourceTree = "<group>"; };
		D4C7340523C0E39800A746B5 /* Base */ = {isa = PBXFileReference; lastKnownFileType = file.storyboard; name = Base; path = Base.lproj/LaunchScreen.storyboard; sourceTree = "<group>"; };
		D4C7340723C0E39800A746B5 /* Info.plist */ = {isa = PBXFileReference; lastKnownFileType = text.plist.xml; path = Info.plist; sourceTree = "<group>"; };
		D4C7340C23C0E39800A746B5 /* MyTimeTests.xctest */ = {isa = PBXFileReference; explicitFileType = wrapper.cfbundle; includeInIndex = 0; path = MyTimeTests.xctest; sourceTree = BUILT_PRODUCTS_DIR; };
		D4C7341023C0E39800A746B5 /* MyTimeTests.swift */ = {isa = PBXFileReference; lastKnownFileType = sourcecode.swift; path = MyTimeTests.swift; sourceTree = "<group>"; };
		D4C7341223C0E39800A746B5 /* Info.plist */ = {isa = PBXFileReference; lastKnownFileType = text.plist.xml; path = Info.plist; sourceTree = "<group>"; };
		D4C7341723C0E39800A746B5 /* MyTimeUITests.xctest */ = {isa = PBXFileReference; explicitFileType = wrapper.cfbundle; includeInIndex = 0; path = MyTimeUITests.xctest; sourceTree = BUILT_PRODUCTS_DIR; };
		D4C7341B23C0E39800A746B5 /* MyTimeUITests.swift */ = {isa = PBXFileReference; lastKnownFileType = sourcecode.swift; path = MyTimeUITests.swift; sourceTree = "<group>"; };
		D4C7341D23C0E39800A746B5 /* Info.plist */ = {isa = PBXFileReference; lastKnownFileType = text.plist.xml; path = Info.plist; sourceTree = "<group>"; };
		D4C7342A23C0E4AD00A746B5 /* TimerRealm.swift */ = {isa = PBXFileReference; lastKnownFileType = sourcecode.swift; path = TimerRealm.swift; sourceTree = "<group>"; };
		D4C7342C23C0F20100A746B5 /* TimerIntervalRealm.swift */ = {isa = PBXFileReference; lastKnownFileType = sourcecode.swift; path = TimerIntervalRealm.swift; sourceTree = "<group>"; };
		D4C7342E23C0FCF300A746B5 /* MyTime.entitlements */ = {isa = PBXFileReference; lastKnownFileType = text.plist.entitlements; path = MyTime.entitlements; sourceTree = "<group>"; };
		D4C7343023C0FD0F00A746B5 /* CloudKit.framework */ = {isa = PBXFileReference; lastKnownFileType = wrapper.framework; name = CloudKit.framework; path = System/Library/Frameworks/CloudKit.framework; sourceTree = SDKROOT; };
		D4C7344823C501A400A746B5 /* Timer.swift */ = {isa = PBXFileReference; lastKnownFileType = sourcecode.swift; path = Timer.swift; sourceTree = "<group>"; };
		D4C7344A23C501B400A746B5 /* TimerInterval.swift */ = {isa = PBXFileReference; lastKnownFileType = sourcecode.swift; path = TimerInterval.swift; sourceTree = "<group>"; };
		D4C7344C23C502EB00A746B5 /* APITimersDataSource.swift */ = {isa = PBXFileReference; lastKnownFileType = sourcecode.swift; path = APITimersDataSource.swift; sourceTree = "<group>"; };
		D4C7344E23C5038200A746B5 /* TimersDataSource.swift */ = {isa = PBXFileReference; lastKnownFileType = sourcecode.swift; path = TimersDataSource.swift; sourceTree = "<group>"; };
		D4D09C3423E031E400B85D78 /* CalendarVC.swift */ = {isa = PBXFileReference; lastKnownFileType = sourcecode.swift; path = CalendarVC.swift; sourceTree = "<group>"; };
		D4D844B323C79F4A00533701 /* Main.storyboard */ = {isa = PBXFileReference; lastKnownFileType = file.storyboard; path = Main.storyboard; sourceTree = "<group>"; };
		D4D844B723C7A91700533701 /* TimersTableViewCell.swift */ = {isa = PBXFileReference; lastKnownFileType = sourcecode.swift; path = TimersTableViewCell.swift; sourceTree = "<group>"; };
		D4EC98B923C899F8003EC3C0 /* TimerColor.swift */ = {isa = PBXFileReference; lastKnownFileType = sourcecode.swift; path = TimerColor.swift; sourceTree = "<group>"; };
		F009DFF110FD296FE02E941C /* Pods-MyTimeTests.release.xcconfig */ = {isa = PBXFileReference; includeInIndex = 1; lastKnownFileType = text.xcconfig; name = "Pods-MyTimeTests.release.xcconfig"; path = "Target Support Files/Pods-MyTimeTests/Pods-MyTimeTests.release.xcconfig"; sourceTree = "<group>"; };
		FBFF517F14F51EB73055CD68 /* Pods-MyTime-MyTimeUITests.debug.xcconfig */ = {isa = PBXFileReference; includeInIndex = 1; lastKnownFileType = text.xcconfig; name = "Pods-MyTime-MyTimeUITests.debug.xcconfig"; path = "Target Support Files/Pods-MyTime-MyTimeUITests/Pods-MyTime-MyTimeUITests.debug.xcconfig"; sourceTree = "<group>"; };
/* End PBXFileReference section */

/* Begin PBXFrameworksBuildPhase section */
		D4C733F023C0E39400A746B5 /* Frameworks */ = {
			isa = PBXFrameworksBuildPhase;
			buildActionMask = 2147483647;
			files = (
				D4C7343123C0FD0F00A746B5 /* CloudKit.framework in Frameworks */,
				AD11025F0BA4B010F74BB8DD /* Pods_MyTime.framework in Frameworks */,
			);
			runOnlyForDeploymentPostprocessing = 0;
		};
		D4C7340923C0E39800A746B5 /* Frameworks */ = {
			isa = PBXFrameworksBuildPhase;
			buildActionMask = 2147483647;
			files = (
				451CB9CFE7E4E49BBE74A0E6 /* Pods_MyTimeTests.framework in Frameworks */,
			);
			runOnlyForDeploymentPostprocessing = 0;
		};
		D4C7341423C0E39800A746B5 /* Frameworks */ = {
			isa = PBXFrameworksBuildPhase;
			buildActionMask = 2147483647;
			files = (
				2B9E1BD47DE2D126B034CC5E /* Pods_MyTime_MyTimeUITests.framework in Frameworks */,
			);
			runOnlyForDeploymentPostprocessing = 0;
		};
/* End PBXFrameworksBuildPhase section */

/* Begin PBXGroup section */
		37EFDE3E23D9ADCD0028E214 /* Timer */ = {
			isa = PBXGroup;
			children = (
				D4C7344C23C502EB00A746B5 /* APITimersDataSource.swift */,
			);
			path = Timer;
			sourceTree = "<group>";
		};
		37EFDE3F23D9AE060028E214 /* Common */ = {
			isa = PBXGroup;
			children = (
				D4C7344523C5003B00A746B5 /* Model */,
			);
			path = Common;
			sourceTree = "<group>";
		};
		37EFDE4023D9AE110028E214 /* EditTimer */ = {
			isa = PBXGroup;
			children = (
				D49A904523CF2C00005384D3 /* APIEditTimerDataSource.swift */,
			);
			path = EditTimer;
			sourceTree = "<group>";
		};
		37EFDE4123D9AECF0028E214 /* Model */ = {
			isa = PBXGroup;
			children = (
				37EFDE4223D9AEE50028E214 /* CodableForAppModel.swift */,
			);
			path = Model;
			sourceTree = "<group>";
		};
		C75C5E3D69442251E2A8E35E /* Pods */ = {
			isa = PBXGroup;
			children = (
				1E2E68E676E915669AD943B4 /* Pods-MyTime.debug.xcconfig */,
				9B743D9D1856CE176B991D0B /* Pods-MyTime.release.xcconfig */,
				FBFF517F14F51EB73055CD68 /* Pods-MyTime-MyTimeUITests.debug.xcconfig */,
				967CA6C20BA817C7C58F48FC /* Pods-MyTime-MyTimeUITests.release.xcconfig */,
				5465FEB96FED5D120A6E5B3F /* Pods-MyTimeTests.debug.xcconfig */,
				F009DFF110FD296FE02E941C /* Pods-MyTimeTests.release.xcconfig */,
			);
			path = Pods;
			sourceTree = "<group>";
		};
		D421238523DA1531009350F6 /* EditPopup */ = {
			isa = PBXGroup;
			children = (
				D412391723D6613A003C58F9 /* APIEditPopupDataSource.swift */,
			);
			path = EditPopup;
			sourceTree = "<group>";
		};
		D451930623CC75990074D08E /* Extensions */ = {
			isa = PBXGroup;
			children = (
				D451930723CC75AE0074D08E /* Int+Extensions.swift */,
				D43EB7EC23D5DB5A00C2CA86 /* CGPoint+Extensions.swift */,
				D43EB7F623D60B3D00C2CA86 /* Date+Extensions.swift */,
			);
			path = Extensions;
			sourceTree = "<group>";
		};
		D468F75723DB50E3003BFA45 /* Stats */ = {
			isa = PBXGroup;
			children = (
				D468F75823DB5114003BFA45 /* APIStatsDataSource.swift */,
			);
			path = Stats;
			sourceTree = "<group>";
		};
		D468F75A23DB5607003BFA45 /* TimersVC */ = {
			isa = PBXGroup;
			children = (
				D4C733FA23C0E39400A746B5 /* TimersViewController.swift */,
				D4D844B723C7A91700533701 /* TimersTableViewCell.swift */,
				D462FBD623D1B64700BC7138 /* DayCircleView.swift */,
			);
			path = TimersVC;
			sourceTree = "<group>";
		};
		D468F75B23DB561F003BFA45 /* EditTimerVC */ = {
			isa = PBXGroup;
			children = (
				D451930923CCBCB20074D08E /* EditTimerVC.swift */,
			);
			path = EditTimerVC;
			sourceTree = "<group>";
		};
		D468F75C23DB562C003BFA45 /* EditPopup */ = {
			isa = PBXGroup;
			children = (
				D43EB7F423D6062D00C2CA86 /* EditPopup.swift */,
			);
			path = EditPopup;
			sourceTree = "<group>";
		};
		D468F75D23DB5637003BFA45 /* StatsVC */ = {
			isa = PBXGroup;
			children = (
				D468F75323DB4B41003BFA45 /* StatsVC.swift */,
				D468F76023DB5815003BFA45 /* StatsTableViewCell.swift */,
				D468F75E23DB564D003BFA45 /* StatsCircleView.swift */,
			);
			path = StatsVC;
			sourceTree = "<group>";
		};
		D4C733EA23C0E39400A746B5 = {
			isa = PBXGroup;
			children = (
				D4C733F523C0E39400A746B5 /* MyTime */,
				D4C7340F23C0E39800A746B5 /* MyTimeTests */,
				D4C7341A23C0E39800A746B5 /* MyTimeUITests */,
				D4C733F423C0E39400A746B5 /* Products */,
				D4C7342F23C0FD0F00A746B5 /* Frameworks */,
				C75C5E3D69442251E2A8E35E /* Pods */,
			);
			sourceTree = "<group>";
		};
		D4C733F423C0E39400A746B5 /* Products */ = {
			isa = PBXGroup;
			children = (
				D4C733F323C0E39400A746B5 /* MyTime.app */,
				D4C7340C23C0E39800A746B5 /* MyTimeTests.xctest */,
				D4C7341723C0E39800A746B5 /* MyTimeUITests.xctest */,
			);
			name = Products;
			sourceTree = "<group>";
		};
		D4C733F523C0E39400A746B5 /* MyTime */ = {
			isa = PBXGroup;
			children = (
				D4C7342E23C0FCF300A746B5 /* MyTime.entitlements */,
				D4C7343F23C4FE8700A746B5 /* Application */,
				D4C7344323C5001400A746B5 /* ModuleInterfaces */,
				D4C7344223C4FFF300A746B5 /* Modules */,
				D4C7340223C0E39800A746B5 /* Assets.xcassets */,
				D4C7340723C0E39800A746B5 /* Info.plist */,
			);
			path = MyTime;
			sourceTree = "<group>";
		};
		D4C7340F23C0E39800A746B5 /* MyTimeTests */ = {
			isa = PBXGroup;
			children = (
				D4C7341023C0E39800A746B5 /* MyTimeTests.swift */,
				D4C7341223C0E39800A746B5 /* Info.plist */,
			);
			path = MyTimeTests;
			sourceTree = "<group>";
		};
		D4C7341A23C0E39800A746B5 /* MyTimeUITests */ = {
			isa = PBXGroup;
			children = (
				D4C7341B23C0E39800A746B5 /* MyTimeUITests.swift */,
				D4C7341D23C0E39800A746B5 /* Info.plist */,
			);
			path = MyTimeUITests;
			sourceTree = "<group>";
		};
		D4C7342923C0E3D300A746B5 /* Models */ = {
			isa = PBXGroup;
			children = (
				D4C7344823C501A400A746B5 /* Timer.swift */,
				D4C7344A23C501B400A746B5 /* TimerInterval.swift */,
				D4EC98B923C899F8003EC3C0 /* TimerColor.swift */,
			);
			path = Models;
			sourceTree = "<group>";
		};
		D4C7342F23C0FD0F00A746B5 /* Frameworks */ = {
			isa = PBXGroup;
			children = (
				D4C7343023C0FD0F00A746B5 /* CloudKit.framework */,
				1282D6B1379E7C012411C2EC /* Pods_MyTime.framework */,
				6A5A36DDCB489EA06E907862 /* Pods_MyTime_MyTimeUITests.framework */,
				0F1D645C2513CA67E4F4606C /* Pods_MyTimeTests.framework */,
			);
			name = Frameworks;
			sourceTree = "<group>";
		};
		D4C7343523C3A42700A746B5 /* UI */ = {
			isa = PBXGroup;
			children = (
				D47BBF0D23DF332F001523B3 /* MainTabBarController.swift */,
				D468F75A23DB5607003BFA45 /* TimersVC */,
				D468F75B23DB561F003BFA45 /* EditTimerVC */,
				D468F75C23DB562C003BFA45 /* EditPopup */,
				D4D09C3623E031EC00B85D78 /* CalendarVC */,
				D468F75D23DB5637003BFA45 /* StatsVC */,
			);
			path = UI;
			sourceTree = "<group>";
		};
		D4C7343F23C4FE8700A746B5 /* Application */ = {
			isa = PBXGroup;
			children = (
				D4C733F623C0E39400A746B5 /* AppDelegate.swift */,
				D4C733F823C0E39400A746B5 /* SceneDelegate.swift */,
				D4D844B323C79F4A00533701 /* Main.storyboard */,
				D4C7340423C0E39800A746B5 /* LaunchScreen.storyboard */,
				D4C7344023C4FFB100A746B5 /* Coordinators */,
				D4C7343523C3A42700A746B5 /* UI */,
				D4C7342923C0E3D300A746B5 /* Models */,
			);
			path = Application;
			sourceTree = "<group>";
		};
		D4C7344023C4FFB100A746B5 /* Coordinators */ = {
			isa = PBXGroup;
			children = (
				D4304F9E23C71F330096018E /* Coordinator.swift */,
				D4304F9C23C64B530096018E /* RootCoordinator.swift */,
				D47BBF0923DF2D98001523B3 /* MainTabBarCoordinator.swift */,
				D4304FA023C74A680096018E /* TimersNavigationCoordinator.swift */,
				D47BBF0F23DF39CE001523B3 /* StatsNavigationCoordinator.swift */,
			);
			path = Coordinators;
			sourceTree = "<group>";
		};
		D4C7344223C4FFF300A746B5 /* Modules */ = {
			isa = PBXGroup;
			children = (
				D451930623CC75990074D08E /* Extensions */,
				D4C7344723C5007C00A746B5 /* DataSource */,
			);
			path = Modules;
			sourceTree = "<group>";
		};
		D4C7344323C5001400A746B5 /* ModuleInterfaces */ = {
			isa = PBXGroup;
			children = (
				D4C7344423C5003200A746B5 /* DataSource */,
				37EFDE4123D9AECF0028E214 /* Model */,
			);
			path = ModuleInterfaces;
			sourceTree = "<group>";
		};
		D4C7344423C5003200A746B5 /* DataSource */ = {
			isa = PBXGroup;
			children = (
				D4C7344E23C5038200A746B5 /* TimersDataSource.swift */,
				D49A904123CF2B6D005384D3 /* EditTimerDataSource.swift */,
				D412391523D66123003C58F9 /* EditPopupDataSource.swift */,
				D468F75523DB501B003BFA45 /* StatsDataSource.swift */,
			);
			path = DataSource;
			sourceTree = "<group>";
		};
		D4C7344523C5003B00A746B5 /* Model */ = {
			isa = PBXGroup;
			children = (
				D4C7342A23C0E4AD00A746B5 /* TimerRealm.swift */,
				D4C7342C23C0F20100A746B5 /* TimerIntervalRealm.swift */,
			);
			path = Model;
			sourceTree = "<group>";
		};
		D4C7344723C5007C00A746B5 /* DataSource */ = {
			isa = PBXGroup;
			children = (
				37EFDE3F23D9AE060028E214 /* Common */,
				37EFDE3E23D9ADCD0028E214 /* Timer */,
				37EFDE4023D9AE110028E214 /* EditTimer */,
				D421238523DA1531009350F6 /* EditPopup */,
				D468F75723DB50E3003BFA45 /* Stats */,
			);
			path = DataSource;
			sourceTree = "<group>";
		};
		D4D09C3623E031EC00B85D78 /* CalendarVC */ = {
			isa = PBXGroup;
			children = (
				D4D09C3423E031E400B85D78 /* CalendarVC.swift */,
			);
			path = CalendarVC;
			sourceTree = "<group>";
		};
/* End PBXGroup section */

/* Begin PBXNativeTarget section */
		D4C733F223C0E39400A746B5 /* MyTime */ = {
			isa = PBXNativeTarget;
			buildConfigurationList = D4C7342023C0E39800A746B5 /* Build configuration list for PBXNativeTarget "MyTime" */;
			buildPhases = (
				D928A501E45D8B5D98F3F20A /* [CP] Check Pods Manifest.lock */,
				D4C733EF23C0E39400A746B5 /* Sources */,
				D4C733F023C0E39400A746B5 /* Frameworks */,
				D4C733F123C0E39400A746B5 /* Resources */,
				034CC98CAD562F5ACA4B5CB6 /* [CP] Embed Pods Frameworks */,
			);
			buildRules = (
			);
			dependencies = (
			);
			name = MyTime;
			productName = MyTime;
			productReference = D4C733F323C0E39400A746B5 /* MyTime.app */;
			productType = "com.apple.product-type.application";
		};
		D4C7340B23C0E39800A746B5 /* MyTimeTests */ = {
			isa = PBXNativeTarget;
			buildConfigurationList = D4C7342323C0E39800A746B5 /* Build configuration list for PBXNativeTarget "MyTimeTests" */;
			buildPhases = (
				2A1789CC6771FA79032A0578 /* [CP] Check Pods Manifest.lock */,
				D4C7340823C0E39800A746B5 /* Sources */,
				D4C7340923C0E39800A746B5 /* Frameworks */,
				D4C7340A23C0E39800A746B5 /* Resources */,
			);
			buildRules = (
			);
			dependencies = (
				D4C7340E23C0E39800A746B5 /* PBXTargetDependency */,
			);
			name = MyTimeTests;
			productName = MyTimeTests;
			productReference = D4C7340C23C0E39800A746B5 /* MyTimeTests.xctest */;
			productType = "com.apple.product-type.bundle.unit-test";
		};
		D4C7341623C0E39800A746B5 /* MyTimeUITests */ = {
			isa = PBXNativeTarget;
			buildConfigurationList = D4C7342623C0E39800A746B5 /* Build configuration list for PBXNativeTarget "MyTimeUITests" */;
			buildPhases = (
				2ECDF070B287F564E24F8742 /* [CP] Check Pods Manifest.lock */,
				D4C7341323C0E39800A746B5 /* Sources */,
				D4C7341423C0E39800A746B5 /* Frameworks */,
				D4C7341523C0E39800A746B5 /* Resources */,
				0B0928C606C3F481DCEA95AC /* [CP] Embed Pods Frameworks */,
			);
			buildRules = (
			);
			dependencies = (
				D4C7341923C0E39800A746B5 /* PBXTargetDependency */,
			);
			name = MyTimeUITests;
			productName = MyTimeUITests;
			productReference = D4C7341723C0E39800A746B5 /* MyTimeUITests.xctest */;
			productType = "com.apple.product-type.bundle.ui-testing";
		};
/* End PBXNativeTarget section */

/* Begin PBXProject section */
		D4C733EB23C0E39400A746B5 /* Project object */ = {
			isa = PBXProject;
			attributes = {
				LastSwiftUpdateCheck = 1130;
				LastUpgradeCheck = 1130;
				ORGANIZATIONNAME = FairTrip;
				TargetAttributes = {
					D4C733F223C0E39400A746B5 = {
						CreatedOnToolsVersion = 11.3;
					};
					D4C7340B23C0E39800A746B5 = {
						CreatedOnToolsVersion = 11.3;
						TestTargetID = D4C733F223C0E39400A746B5;
					};
					D4C7341623C0E39800A746B5 = {
						CreatedOnToolsVersion = 11.3;
						TestTargetID = D4C733F223C0E39400A746B5;
					};
				};
			};
			buildConfigurationList = D4C733EE23C0E39400A746B5 /* Build configuration list for PBXProject "MyTime" */;
			compatibilityVersion = "Xcode 9.3";
			developmentRegion = en;
			hasScannedForEncodings = 0;
			knownRegions = (
				en,
				Base,
			);
			mainGroup = D4C733EA23C0E39400A746B5;
			productRefGroup = D4C733F423C0E39400A746B5 /* Products */;
			projectDirPath = "";
			projectRoot = "";
			targets = (
				D4C733F223C0E39400A746B5 /* MyTime */,
				D4C7340B23C0E39800A746B5 /* MyTimeTests */,
				D4C7341623C0E39800A746B5 /* MyTimeUITests */,
			);
		};
/* End PBXProject section */

/* Begin PBXResourcesBuildPhase section */
		D4C733F123C0E39400A746B5 /* Resources */ = {
			isa = PBXResourcesBuildPhase;
			buildActionMask = 2147483647;
			files = (
				D4D844B423C79F4A00533701 /* Main.storyboard in Resources */,
				D4C7340623C0E39800A746B5 /* LaunchScreen.storyboard in Resources */,
				D4C7340323C0E39800A746B5 /* Assets.xcassets in Resources */,
			);
			runOnlyForDeploymentPostprocessing = 0;
		};
		D4C7340A23C0E39800A746B5 /* Resources */ = {
			isa = PBXResourcesBuildPhase;
			buildActionMask = 2147483647;
			files = (
			);
			runOnlyForDeploymentPostprocessing = 0;
		};
		D4C7341523C0E39800A746B5 /* Resources */ = {
			isa = PBXResourcesBuildPhase;
			buildActionMask = 2147483647;
			files = (
			);
			runOnlyForDeploymentPostprocessing = 0;
		};
/* End PBXResourcesBuildPhase section */

/* Begin PBXShellScriptBuildPhase section */
		034CC98CAD562F5ACA4B5CB6 /* [CP] Embed Pods Frameworks */ = {
			isa = PBXShellScriptBuildPhase;
			buildActionMask = 2147483647;
			files = (
			);
			inputFileListPaths = (
				"${PODS_ROOT}/Target Support Files/Pods-MyTime/Pods-MyTime-frameworks-${CONFIGURATION}-input-files.xcfilelist",
			);
			name = "[CP] Embed Pods Frameworks";
			outputFileListPaths = (
				"${PODS_ROOT}/Target Support Files/Pods-MyTime/Pods-MyTime-frameworks-${CONFIGURATION}-output-files.xcfilelist",
			);
			runOnlyForDeploymentPostprocessing = 0;
			shellPath = /bin/sh;
			shellScript = "\"${PODS_ROOT}/Target Support Files/Pods-MyTime/Pods-MyTime-frameworks.sh\"\n";
			showEnvVarsInLog = 0;
		};
		0B0928C606C3F481DCEA95AC /* [CP] Embed Pods Frameworks */ = {
			isa = PBXShellScriptBuildPhase;
			buildActionMask = 2147483647;
			files = (
			);
			inputFileListPaths = (
				"${PODS_ROOT}/Target Support Files/Pods-MyTime-MyTimeUITests/Pods-MyTime-MyTimeUITests-frameworks-${CONFIGURATION}-input-files.xcfilelist",
			);
			name = "[CP] Embed Pods Frameworks";
			outputFileListPaths = (
				"${PODS_ROOT}/Target Support Files/Pods-MyTime-MyTimeUITests/Pods-MyTime-MyTimeUITests-frameworks-${CONFIGURATION}-output-files.xcfilelist",
			);
			runOnlyForDeploymentPostprocessing = 0;
			shellPath = /bin/sh;
			shellScript = "\"${PODS_ROOT}/Target Support Files/Pods-MyTime-MyTimeUITests/Pods-MyTime-MyTimeUITests-frameworks.sh\"\n";
			showEnvVarsInLog = 0;
		};
		2A1789CC6771FA79032A0578 /* [CP] Check Pods Manifest.lock */ = {
			isa = PBXShellScriptBuildPhase;
			buildActionMask = 2147483647;
			files = (
			);
			inputFileListPaths = (
			);
			inputPaths = (
				"${PODS_PODFILE_DIR_PATH}/Podfile.lock",
				"${PODS_ROOT}/Manifest.lock",
			);
			name = "[CP] Check Pods Manifest.lock";
			outputFileListPaths = (
			);
			outputPaths = (
				"$(DERIVED_FILE_DIR)/Pods-MyTimeTests-checkManifestLockResult.txt",
			);
			runOnlyForDeploymentPostprocessing = 0;
			shellPath = /bin/sh;
			shellScript = "diff \"${PODS_PODFILE_DIR_PATH}/Podfile.lock\" \"${PODS_ROOT}/Manifest.lock\" > /dev/null\nif [ $? != 0 ] ; then\n    # print error to STDERR\n    echo \"error: The sandbox is not in sync with the Podfile.lock. Run 'pod install' or update your CocoaPods installation.\" >&2\n    exit 1\nfi\n# This output is used by Xcode 'outputs' to avoid re-running this script phase.\necho \"SUCCESS\" > \"${SCRIPT_OUTPUT_FILE_0}\"\n";
			showEnvVarsInLog = 0;
		};
		2ECDF070B287F564E24F8742 /* [CP] Check Pods Manifest.lock */ = {
			isa = PBXShellScriptBuildPhase;
			buildActionMask = 2147483647;
			files = (
			);
			inputFileListPaths = (
			);
			inputPaths = (
				"${PODS_PODFILE_DIR_PATH}/Podfile.lock",
				"${PODS_ROOT}/Manifest.lock",
			);
			name = "[CP] Check Pods Manifest.lock";
			outputFileListPaths = (
			);
			outputPaths = (
				"$(DERIVED_FILE_DIR)/Pods-MyTime-MyTimeUITests-checkManifestLockResult.txt",
			);
			runOnlyForDeploymentPostprocessing = 0;
			shellPath = /bin/sh;
			shellScript = "diff \"${PODS_PODFILE_DIR_PATH}/Podfile.lock\" \"${PODS_ROOT}/Manifest.lock\" > /dev/null\nif [ $? != 0 ] ; then\n    # print error to STDERR\n    echo \"error: The sandbox is not in sync with the Podfile.lock. Run 'pod install' or update your CocoaPods installation.\" >&2\n    exit 1\nfi\n# This output is used by Xcode 'outputs' to avoid re-running this script phase.\necho \"SUCCESS\" > \"${SCRIPT_OUTPUT_FILE_0}\"\n";
			showEnvVarsInLog = 0;
		};
		D928A501E45D8B5D98F3F20A /* [CP] Check Pods Manifest.lock */ = {
			isa = PBXShellScriptBuildPhase;
			buildActionMask = 2147483647;
			files = (
			);
			inputFileListPaths = (
			);
			inputPaths = (
				"${PODS_PODFILE_DIR_PATH}/Podfile.lock",
				"${PODS_ROOT}/Manifest.lock",
			);
			name = "[CP] Check Pods Manifest.lock";
			outputFileListPaths = (
			);
			outputPaths = (
				"$(DERIVED_FILE_DIR)/Pods-MyTime-checkManifestLockResult.txt",
			);
			runOnlyForDeploymentPostprocessing = 0;
			shellPath = /bin/sh;
			shellScript = "diff \"${PODS_PODFILE_DIR_PATH}/Podfile.lock\" \"${PODS_ROOT}/Manifest.lock\" > /dev/null\nif [ $? != 0 ] ; then\n    # print error to STDERR\n    echo \"error: The sandbox is not in sync with the Podfile.lock. Run 'pod install' or update your CocoaPods installation.\" >&2\n    exit 1\nfi\n# This output is used by Xcode 'outputs' to avoid re-running this script phase.\necho \"SUCCESS\" > \"${SCRIPT_OUTPUT_FILE_0}\"\n";
			showEnvVarsInLog = 0;
		};
/* End PBXShellScriptBuildPhase section */

/* Begin PBXSourcesBuildPhase section */
		D4C733EF23C0E39400A746B5 /* Sources */ = {
			isa = PBXSourcesBuildPhase;
			buildActionMask = 2147483647;
			files = (
				D4C7344F23C5038200A746B5 /* TimersDataSource.swift in Sources */,
				D468F76123DB5815003BFA45 /* StatsTableViewCell.swift in Sources */,
				D4D09C3523E031E400B85D78 /* CalendarVC.swift in Sources */,
				D4C733FB23C0E39400A746B5 /* TimersViewController.swift in Sources */,
				D49A904623CF2C00005384D3 /* APIEditTimerDataSource.swift in Sources */,
				D43EB7F723D60B3D00C2CA86 /* Date+Extensions.swift in Sources */,
				D4304F9D23C64B530096018E /* RootCoordinator.swift in Sources */,
				D4C7342D23C0F20100A746B5 /* TimerIntervalRealm.swift in Sources */,
				D4C733F723C0E39400A746B5 /* AppDelegate.swift in Sources */,
				37EFDE4423D9AF290028E214 /* CodableForAppModel.swift in Sources */,
				D462FBD723D1B64700BC7138 /* DayCircleView.swift in Sources */,
				D47BBF0E23DF332F001523B3 /* MainTabBarController.swift in Sources */,
				D47BBF0A23DF2D99001523B3 /* MainTabBarCoordinator.swift in Sources */,
				D4C7344923C501A400A746B5 /* Timer.swift in Sources */,
				D43EB7ED23D5DB5A00C2CA86 /* CGPoint+Extensions.swift in Sources */,
				D468F75923DB5114003BFA45 /* APIStatsDataSource.swift in Sources */,
				D4304F9F23C71F330096018E /* Coordinator.swift in Sources */,
				D43EB7F523D6062D00C2CA86 /* EditPopup.swift in Sources */,
				D4D844B823C7A91700533701 /* TimersTableViewCell.swift in Sources */,
				D49A904223CF2B6D005384D3 /* EditTimerDataSource.swift in Sources */,
				D4C7342B23C0E4AD00A746B5 /* TimerRealm.swift in Sources */,
				D468F75423DB4B41003BFA45 /* StatsVC.swift in Sources */,
				D4EC98BA23C899F8003EC3C0 /* TimerColor.swift in Sources */,
				D468F75F23DB564D003BFA45 /* StatsCircleView.swift in Sources */,
				D4C7344D23C502EB00A746B5 /* APITimersDataSource.swift in Sources */,
				D451930A23CCBCB20074D08E /* EditTimerVC.swift in Sources */,
				D468F75623DB501B003BFA45 /* StatsDataSource.swift in Sources */,
				D47BBF1023DF39CE001523B3 /* StatsNavigationCoordinator.swift in Sources */,
				D412391823D6613A003C58F9 /* APIEditPopupDataSource.swift in Sources */,
				D451930823CC75AE0074D08E /* Int+Extensions.swift in Sources */,
				D4C733F923C0E39400A746B5 /* SceneDelegate.swift in Sources */,
				D412391623D66123003C58F9 /* EditPopupDataSource.swift in Sources */,
				D4304FA123C74A680096018E /* TimersNavigationCoordinator.swift in Sources */,
				D4C7344B23C501B400A746B5 /* TimerInterval.swift in Sources */,
			);
			runOnlyForDeploymentPostprocessing = 0;
		};
		D4C7340823C0E39800A746B5 /* Sources */ = {
			isa = PBXSourcesBuildPhase;
			buildActionMask = 2147483647;
			files = (
				D4C7341123C0E39800A746B5 /* MyTimeTests.swift in Sources */,
			);
			runOnlyForDeploymentPostprocessing = 0;
		};
		D4C7341323C0E39800A746B5 /* Sources */ = {
			isa = PBXSourcesBuildPhase;
			buildActionMask = 2147483647;
			files = (
				D4C7341C23C0E39800A746B5 /* MyTimeUITests.swift in Sources */,
			);
			runOnlyForDeploymentPostprocessing = 0;
		};
/* End PBXSourcesBuildPhase section */

/* Begin PBXTargetDependency section */
		D4C7340E23C0E39800A746B5 /* PBXTargetDependency */ = {
			isa = PBXTargetDependency;
			target = D4C733F223C0E39400A746B5 /* MyTime */;
			targetProxy = D4C7340D23C0E39800A746B5 /* PBXContainerItemProxy */;
		};
		D4C7341923C0E39800A746B5 /* PBXTargetDependency */ = {
			isa = PBXTargetDependency;
			target = D4C733F223C0E39400A746B5 /* MyTime */;
			targetProxy = D4C7341823C0E39800A746B5 /* PBXContainerItemProxy */;
		};
/* End PBXTargetDependency section */

/* Begin PBXVariantGroup section */
		D4C7340423C0E39800A746B5 /* LaunchScreen.storyboard */ = {
			isa = PBXVariantGroup;
			children = (
				D4C7340523C0E39800A746B5 /* Base */,
			);
			name = LaunchScreen.storyboard;
			sourceTree = "<group>";
		};
/* End PBXVariantGroup section */

/* Begin XCBuildConfiguration section */
		D4C7341E23C0E39800A746B5 /* Debug */ = {
			isa = XCBuildConfiguration;
			buildSettings = {
				ALWAYS_SEARCH_USER_PATHS = NO;
				CLANG_ANALYZER_NONNULL = YES;
				CLANG_ANALYZER_NUMBER_OBJECT_CONVERSION = YES_AGGRESSIVE;
				CLANG_CXX_LANGUAGE_STANDARD = "gnu++14";
				CLANG_CXX_LIBRARY = "libc++";
				CLANG_ENABLE_MODULES = YES;
				CLANG_ENABLE_OBJC_ARC = YES;
				CLANG_ENABLE_OBJC_WEAK = YES;
				CLANG_WARN_BLOCK_CAPTURE_AUTORELEASING = YES;
				CLANG_WARN_BOOL_CONVERSION = YES;
				CLANG_WARN_COMMA = YES;
				CLANG_WARN_CONSTANT_CONVERSION = YES;
				CLANG_WARN_DEPRECATED_OBJC_IMPLEMENTATIONS = YES;
				CLANG_WARN_DIRECT_OBJC_ISA_USAGE = YES_ERROR;
				CLANG_WARN_DOCUMENTATION_COMMENTS = YES;
				CLANG_WARN_EMPTY_BODY = YES;
				CLANG_WARN_ENUM_CONVERSION = YES;
				CLANG_WARN_INFINITE_RECURSION = YES;
				CLANG_WARN_INT_CONVERSION = YES;
				CLANG_WARN_NON_LITERAL_NULL_CONVERSION = YES;
				CLANG_WARN_OBJC_IMPLICIT_RETAIN_SELF = YES;
				CLANG_WARN_OBJC_LITERAL_CONVERSION = YES;
				CLANG_WARN_OBJC_ROOT_CLASS = YES_ERROR;
				CLANG_WARN_RANGE_LOOP_ANALYSIS = YES;
				CLANG_WARN_STRICT_PROTOTYPES = YES;
				CLANG_WARN_SUSPICIOUS_MOVE = YES;
				CLANG_WARN_UNGUARDED_AVAILABILITY = YES_AGGRESSIVE;
				CLANG_WARN_UNREACHABLE_CODE = YES;
				CLANG_WARN__DUPLICATE_METHOD_MATCH = YES;
				COPY_PHASE_STRIP = NO;
				DEBUG_INFORMATION_FORMAT = dwarf;
				ENABLE_STRICT_OBJC_MSGSEND = YES;
				ENABLE_TESTABILITY = YES;
				GCC_C_LANGUAGE_STANDARD = gnu11;
				GCC_DYNAMIC_NO_PIC = NO;
				GCC_NO_COMMON_BLOCKS = YES;
				GCC_OPTIMIZATION_LEVEL = 0;
				GCC_PREPROCESSOR_DEFINITIONS = (
					"DEBUG=1",
					"$(inherited)",
				);
				GCC_WARN_64_TO_32_BIT_CONVERSION = YES;
				GCC_WARN_ABOUT_RETURN_TYPE = YES_ERROR;
				GCC_WARN_UNDECLARED_SELECTOR = YES;
				GCC_WARN_UNINITIALIZED_AUTOS = YES_AGGRESSIVE;
				GCC_WARN_UNUSED_FUNCTION = YES;
				GCC_WARN_UNUSED_VARIABLE = YES;
				IPHONEOS_DEPLOYMENT_TARGET = 13.2;
				MTL_ENABLE_DEBUG_INFO = INCLUDE_SOURCE;
				MTL_FAST_MATH = YES;
				ONLY_ACTIVE_ARCH = YES;
				SDKROOT = iphoneos;
				SWIFT_ACTIVE_COMPILATION_CONDITIONS = DEBUG;
				SWIFT_OPTIMIZATION_LEVEL = "-Onone";
			};
			name = Debug;
		};
		D4C7341F23C0E39800A746B5 /* Release */ = {
			isa = XCBuildConfiguration;
			buildSettings = {
				ALWAYS_SEARCH_USER_PATHS = NO;
				CLANG_ANALYZER_NONNULL = YES;
				CLANG_ANALYZER_NUMBER_OBJECT_CONVERSION = YES_AGGRESSIVE;
				CLANG_CXX_LANGUAGE_STANDARD = "gnu++14";
				CLANG_CXX_LIBRARY = "libc++";
				CLANG_ENABLE_MODULES = YES;
				CLANG_ENABLE_OBJC_ARC = YES;
				CLANG_ENABLE_OBJC_WEAK = YES;
				CLANG_WARN_BLOCK_CAPTURE_AUTORELEASING = YES;
				CLANG_WARN_BOOL_CONVERSION = YES;
				CLANG_WARN_COMMA = YES;
				CLANG_WARN_CONSTANT_CONVERSION = YES;
				CLANG_WARN_DEPRECATED_OBJC_IMPLEMENTATIONS = YES;
				CLANG_WARN_DIRECT_OBJC_ISA_USAGE = YES_ERROR;
				CLANG_WARN_DOCUMENTATION_COMMENTS = YES;
				CLANG_WARN_EMPTY_BODY = YES;
				CLANG_WARN_ENUM_CONVERSION = YES;
				CLANG_WARN_INFINITE_RECURSION = YES;
				CLANG_WARN_INT_CONVERSION = YES;
				CLANG_WARN_NON_LITERAL_NULL_CONVERSION = YES;
				CLANG_WARN_OBJC_IMPLICIT_RETAIN_SELF = YES;
				CLANG_WARN_OBJC_LITERAL_CONVERSION = YES;
				CLANG_WARN_OBJC_ROOT_CLASS = YES_ERROR;
				CLANG_WARN_RANGE_LOOP_ANALYSIS = YES;
				CLANG_WARN_STRICT_PROTOTYPES = YES;
				CLANG_WARN_SUSPICIOUS_MOVE = YES;
				CLANG_WARN_UNGUARDED_AVAILABILITY = YES_AGGRESSIVE;
				CLANG_WARN_UNREACHABLE_CODE = YES;
				CLANG_WARN__DUPLICATE_METHOD_MATCH = YES;
				COPY_PHASE_STRIP = NO;
				DEBUG_INFORMATION_FORMAT = "dwarf-with-dsym";
				ENABLE_NS_ASSERTIONS = NO;
				ENABLE_STRICT_OBJC_MSGSEND = YES;
				GCC_C_LANGUAGE_STANDARD = gnu11;
				GCC_NO_COMMON_BLOCKS = YES;
				GCC_WARN_64_TO_32_BIT_CONVERSION = YES;
				GCC_WARN_ABOUT_RETURN_TYPE = YES_ERROR;
				GCC_WARN_UNDECLARED_SELECTOR = YES;
				GCC_WARN_UNINITIALIZED_AUTOS = YES_AGGRESSIVE;
				GCC_WARN_UNUSED_FUNCTION = YES;
				GCC_WARN_UNUSED_VARIABLE = YES;
				IPHONEOS_DEPLOYMENT_TARGET = 13.2;
				MTL_ENABLE_DEBUG_INFO = NO;
				MTL_FAST_MATH = YES;
				SDKROOT = iphoneos;
				SWIFT_COMPILATION_MODE = wholemodule;
				SWIFT_OPTIMIZATION_LEVEL = "-O";
				VALIDATE_PRODUCT = YES;
			};
			name = Release;
		};
		D4C7342123C0E39800A746B5 /* Debug */ = {
			isa = XCBuildConfiguration;
			baseConfigurationReference = 1E2E68E676E915669AD943B4 /* Pods-MyTime.debug.xcconfig */;
			buildSettings = {
				ASSETCATALOG_COMPILER_APPICON_NAME = AppIcon;
				CODE_SIGN_ENTITLEMENTS = MyTime/MyTime.entitlements;
				CODE_SIGN_STYLE = Automatic;
				DEVELOPMENT_TEAM = G92J9Q6485;
				INFOPLIST_FILE = MyTime/Info.plist;
				IPHONEOS_DEPLOYMENT_TARGET = 13.0;
				LD_RUNPATH_SEARCH_PATHS = (
					"$(inherited)",
					"@executable_path/Frameworks",
				);
				PRODUCT_BUNDLE_IDENTIFIER = FairTrip.MyTime;
				PRODUCT_NAME = "$(TARGET_NAME)";
				SWIFT_VERSION = 5.0;
				TARGETED_DEVICE_FAMILY = "1,2";
			};
			name = Debug;
		};
		D4C7342223C0E39800A746B5 /* Release */ = {
			isa = XCBuildConfiguration;
			baseConfigurationReference = 9B743D9D1856CE176B991D0B /* Pods-MyTime.release.xcconfig */;
			buildSettings = {
				ASSETCATALOG_COMPILER_APPICON_NAME = AppIcon;
				CODE_SIGN_ENTITLEMENTS = MyTime/MyTime.entitlements;
				CODE_SIGN_STYLE = Automatic;
				DEVELOPMENT_TEAM = G92J9Q6485;
				INFOPLIST_FILE = MyTime/Info.plist;
				IPHONEOS_DEPLOYMENT_TARGET = 13.0;
				LD_RUNPATH_SEARCH_PATHS = (
					"$(inherited)",
					"@executable_path/Frameworks",
				);
				PRODUCT_BUNDLE_IDENTIFIER = FairTrip.MyTime;
				PRODUCT_NAME = "$(TARGET_NAME)";
				SWIFT_VERSION = 5.0;
				TARGETED_DEVICE_FAMILY = "1,2";
			};
			name = Release;
		};
		D4C7342423C0E39800A746B5 /* Debug */ = {
			isa = XCBuildConfiguration;
			baseConfigurationReference = 5465FEB96FED5D120A6E5B3F /* Pods-MyTimeTests.debug.xcconfig */;
			buildSettings = {
				ALWAYS_EMBED_SWIFT_STANDARD_LIBRARIES = YES;
				BUNDLE_LOADER = "$(TEST_HOST)";
				CODE_SIGN_STYLE = Automatic;
				DEVELOPMENT_TEAM = G92J9Q6485;
				INFOPLIST_FILE = MyTimeTests/Info.plist;
				IPHONEOS_DEPLOYMENT_TARGET = 13.2;
				LD_RUNPATH_SEARCH_PATHS = (
					"$(inherited)",
					"@executable_path/Frameworks",
					"@loader_path/Frameworks",
				);
				PRODUCT_BUNDLE_IDENTIFIER = FairTrip.MyTimeTests;
				PRODUCT_NAME = "$(TARGET_NAME)";
				SWIFT_VERSION = 5.0;
				TARGETED_DEVICE_FAMILY = "1,2";
				TEST_HOST = "$(BUILT_PRODUCTS_DIR)/MyTime.app/MyTime";
			};
			name = Debug;
		};
		D4C7342523C0E39800A746B5 /* Release */ = {
			isa = XCBuildConfiguration;
			baseConfigurationReference = F009DFF110FD296FE02E941C /* Pods-MyTimeTests.release.xcconfig */;
			buildSettings = {
				ALWAYS_EMBED_SWIFT_STANDARD_LIBRARIES = YES;
				BUNDLE_LOADER = "$(TEST_HOST)";
				CODE_SIGN_STYLE = Automatic;
				DEVELOPMENT_TEAM = G92J9Q6485;
				INFOPLIST_FILE = MyTimeTests/Info.plist;
				IPHONEOS_DEPLOYMENT_TARGET = 13.2;
				LD_RUNPATH_SEARCH_PATHS = (
					"$(inherited)",
					"@executable_path/Frameworks",
					"@loader_path/Frameworks",
				);
				PRODUCT_BUNDLE_IDENTIFIER = FairTrip.MyTimeTests;
				PRODUCT_NAME = "$(TARGET_NAME)";
				SWIFT_VERSION = 5.0;
				TARGETED_DEVICE_FAMILY = "1,2";
				TEST_HOST = "$(BUILT_PRODUCTS_DIR)/MyTime.app/MyTime";
			};
			name = Release;
		};
		D4C7342723C0E39800A746B5 /* Debug */ = {
			isa = XCBuildConfiguration;
			baseConfigurationReference = FBFF517F14F51EB73055CD68 /* Pods-MyTime-MyTimeUITests.debug.xcconfig */;
			buildSettings = {
				ALWAYS_EMBED_SWIFT_STANDARD_LIBRARIES = YES;
				CODE_SIGN_STYLE = Automatic;
				DEVELOPMENT_TEAM = G92J9Q6485;
				INFOPLIST_FILE = MyTimeUITests/Info.plist;
				LD_RUNPATH_SEARCH_PATHS = (
					"$(inherited)",
					"@executable_path/Frameworks",
					"@loader_path/Frameworks",
				);
				PRODUCT_BUNDLE_IDENTIFIER = FairTrip.MyTimeUITests;
				PRODUCT_NAME = "$(TARGET_NAME)";
				SWIFT_VERSION = 5.0;
				TARGETED_DEVICE_FAMILY = "1,2";
				TEST_TARGET_NAME = MyTime;
			};
			name = Debug;
		};
		D4C7342823C0E39800A746B5 /* Release */ = {
			isa = XCBuildConfiguration;
			baseConfigurationReference = 967CA6C20BA817C7C58F48FC /* Pods-MyTime-MyTimeUITests.release.xcconfig */;
			buildSettings = {
				ALWAYS_EMBED_SWIFT_STANDARD_LIBRARIES = YES;
				CODE_SIGN_STYLE = Automatic;
				DEVELOPMENT_TEAM = G92J9Q6485;
				INFOPLIST_FILE = MyTimeUITests/Info.plist;
				LD_RUNPATH_SEARCH_PATHS = (
					"$(inherited)",
					"@executable_path/Frameworks",
					"@loader_path/Frameworks",
				);
				PRODUCT_BUNDLE_IDENTIFIER = FairTrip.MyTimeUITests;
				PRODUCT_NAME = "$(TARGET_NAME)";
				SWIFT_VERSION = 5.0;
				TARGETED_DEVICE_FAMILY = "1,2";
				TEST_TARGET_NAME = MyTime;
			};
			name = Release;
		};
/* End XCBuildConfiguration section */

/* Begin XCConfigurationList section */
		D4C733EE23C0E39400A746B5 /* Build configuration list for PBXProject "MyTime" */ = {
			isa = XCConfigurationList;
			buildConfigurations = (
				D4C7341E23C0E39800A746B5 /* Debug */,
				D4C7341F23C0E39800A746B5 /* Release */,
			);
			defaultConfigurationIsVisible = 0;
			defaultConfigurationName = Release;
		};
		D4C7342023C0E39800A746B5 /* Build configuration list for PBXNativeTarget "MyTime" */ = {
			isa = XCConfigurationList;
			buildConfigurations = (
				D4C7342123C0E39800A746B5 /* Debug */,
				D4C7342223C0E39800A746B5 /* Release */,
			);
			defaultConfigurationIsVisible = 0;
			defaultConfigurationName = Release;
		};
		D4C7342323C0E39800A746B5 /* Build configuration list for PBXNativeTarget "MyTimeTests" */ = {
			isa = XCConfigurationList;
			buildConfigurations = (
				D4C7342423C0E39800A746B5 /* Debug */,
				D4C7342523C0E39800A746B5 /* Release */,
			);
			defaultConfigurationIsVisible = 0;
			defaultConfigurationName = Release;
		};
		D4C7342623C0E39800A746B5 /* Build configuration list for PBXNativeTarget "MyTimeUITests" */ = {
			isa = XCConfigurationList;
			buildConfigurations = (
				D4C7342723C0E39800A746B5 /* Debug */,
				D4C7342823C0E39800A746B5 /* Release */,
			);
			defaultConfigurationIsVisible = 0;
			defaultConfigurationName = Release;
		};
/* End XCConfigurationList section */
	};
	rootObject = D4C733EB23C0E39400A746B5 /* Project object */;
}
